// !$*UTF8*$!
{
	archiveVersion = 1;
	classes = {
	};
	objectVersion = 77;
	objects = {

/* Begin PBXBuildFile section */
		A35D3CF62DBFB0B300C4C166 /* Morsel (watchOS).app in Embed Watch Content */ = {isa = PBXBuildFile; fileRef = A35D3CD62DBFB0B100C4C166 /* Morsel (watchOS).app */; settings = {ATTRIBUTES = (RemoveHeadersOnCopy, ); }; };
		A35D3DAF2DBFDCBE00C4C166 /* RealityKitContent in Frameworks */ = {isa = PBXBuildFile; productRef = A35D3DAE2DBFDCBE00C4C166 /* RealityKitContent */; };
		A3CD694F2DBF752B00AB946D /* WidgetKit.framework in Frameworks */ = {isa = PBXBuildFile; fileRef = A3CD694E2DBF752B00AB946D /* WidgetKit.framework */; };
		A3CD69512DBF752B00AB946D /* SwiftUI.framework in Frameworks */ = {isa = PBXBuildFile; fileRef = A3CD69502DBF752B00AB946D /* SwiftUI.framework */; };
		A3CD69602DBF752D00AB946D /* Morsel iOS Widgets.appex in Embed Foundation Extensions */ = {isa = PBXBuildFile; fileRef = A3CD694C2DBF752B00AB946D /* Morsel iOS Widgets.appex */; settings = {ATTRIBUTES = (RemoveHeadersOnCopy, ); }; };
/* End PBXBuildFile section */

/* Begin PBXContainerItemProxy section */
		A35D3CF42DBFB0B300C4C166 /* PBXContainerItemProxy */ = {
			isa = PBXContainerItemProxy;
			containerPortal = A3CD68FC2DBF745E00AB946D /* Project object */;
			proxyType = 1;
			remoteGlobalIDString = A35D3CD52DBFB0B100C4C166;
			remoteInfo = "WristMorsel Watch App";
		};
		A3CD695E2DBF752D00AB946D /* PBXContainerItemProxy */ = {
			isa = PBXContainerItemProxy;
			containerPortal = A3CD68FC2DBF745E00AB946D /* Project object */;
			proxyType = 1;
			remoteGlobalIDString = A3CD694B2DBF752B00AB946D;
			remoteInfo = FoodEntryWidgetExtension;
		};
/* End PBXContainerItemProxy section */

/* Begin PBXCopyFilesBuildPhase section */
		A35D3CF72DBFB0B300C4C166 /* Embed Watch Content */ = {
			isa = PBXCopyFilesBuildPhase;
			buildActionMask = 2147483647;
			dstPath = "$(CONTENTS_FOLDER_PATH)/Watch";
			dstSubfolderSpec = 16;
			files = (
				A35D3CF62DBFB0B300C4C166 /* Morsel (watchOS).app in Embed Watch Content */,
			);
			name = "Embed Watch Content";
			runOnlyForDeploymentPostprocessing = 0;
		};
		A3CD69652DBF752D00AB946D /* Embed Foundation Extensions */ = {
			isa = PBXCopyFilesBuildPhase;
			buildActionMask = 2147483647;
			dstPath = "";
			dstSubfolderSpec = 13;
			files = (
				A3CD69602DBF752D00AB946D /* Morsel iOS Widgets.appex in Embed Foundation Extensions */,
			);
			name = "Embed Foundation Extensions";
			runOnlyForDeploymentPostprocessing = 0;
		};
/* End PBXCopyFilesBuildPhase section */

/* Begin PBXFileReference section */
		A35D3CD62DBFB0B100C4C166 /* Morsel (watchOS).app */ = {isa = PBXFileReference; explicitFileType = wrapper.application; includeInIndex = 0; path = "Morsel (watchOS).app"; sourceTree = BUILT_PRODUCTS_DIR; };
		A35D3D792DBFD06B00C4C166 /* Morsel (macOS).app */ = {isa = PBXFileReference; explicitFileType = wrapper.application; includeInIndex = 0; path = "Morsel (macOS).app"; sourceTree = BUILT_PRODUCTS_DIR; };
		A35D3DAA2DBFDCBE00C4C166 /* Morsel (visionOS).app */ = {isa = PBXFileReference; explicitFileType = wrapper.application; includeInIndex = 0; path = "Morsel (visionOS).app"; sourceTree = BUILT_PRODUCTS_DIR; };
		A35D3DAD2DBFDCBE00C4C166 /* RealityKitContent */ = {isa = PBXFileReference; lastKnownFileType = wrapper; path = RealityKitContent; sourceTree = "<group>"; };
		A3CD69042DBF745E00AB946D /* Morsel (iOS).app */ = {isa = PBXFileReference; explicitFileType = wrapper.application; includeInIndex = 0; path = "Morsel (iOS).app"; sourceTree = BUILT_PRODUCTS_DIR; };
		A3CD694C2DBF752B00AB946D /* Morsel iOS Widgets.appex */ = {isa = PBXFileReference; explicitFileType = "wrapper.app-extension"; includeInIndex = 0; path = "Morsel iOS Widgets.appex"; sourceTree = BUILT_PRODUCTS_DIR; };
		A3CD694E2DBF752B00AB946D /* WidgetKit.framework */ = {isa = PBXFileReference; lastKnownFileType = wrapper.framework; name = WidgetKit.framework; path = System/Library/Frameworks/WidgetKit.framework; sourceTree = SDKROOT; };
		A3CD69502DBF752B00AB946D /* SwiftUI.framework */ = {isa = PBXFileReference; lastKnownFileType = wrapper.framework; name = SwiftUI.framework; path = System/Library/Frameworks/SwiftUI.framework; sourceTree = SDKROOT; };
/* End PBXFileReference section */

/* Begin PBXFileSystemSynchronizedBuildFileExceptionSet section */
		A35D3D022DBFB10C00C4C166 /* Exceptions for "Morsel" folder in "Morsel (watchOS)" target */ = {
			isa = PBXFileSystemSynchronizedBuildFileExceptionSet;
			membershipExceptions = (
				FoodEntry.swift,
				"ModelContainer+Morsel.swift",
			);
			target = A35D3CD52DBFB0B100C4C166 /* Morsel (watchOS) */;
		};
		A35D3DA42DBFD0B800C4C166 /* Exceptions for "Morsel" folder in "Morsel (macOS)" target */ = {
			isa = PBXFileSystemSynchronizedBuildFileExceptionSet;
			membershipExceptions = (
				FoodEntry.swift,
				"ModelContainer+Morsel.swift",
			);
			target = A35D3D782DBFD06B00C4C166 /* Morsel (macOS) */;
		};
		A35D3DC12DBFDCC000C4C166 /* Exceptions for "MorselVision" folder in "Morsel (visionOS)" target */ = {
			isa = PBXFileSystemSynchronizedBuildFileExceptionSet;
			membershipExceptions = (
				Info.plist,
			);
			target = A35D3DA92DBFDCBE00C4C166 /* Morsel (visionOS) */;
		};
		A35D3DC92DBFDD4500C4C166 /* Exceptions for "Morsel" folder in "Morsel (visionOS)" target */ = {
			isa = PBXFileSystemSynchronizedBuildFileExceptionSet;
			membershipExceptions = (
				FoodEntry.swift,
				"ModelContainer+Morsel.swift",
			);
			target = A35D3DA92DBFDCBE00C4C166 /* Morsel (visionOS) */;
		};
		A3CD69272DBF745F00AB946D /* Exceptions for "Morsel" folder in "Morsel (iOS)" target */ = {
			isa = PBXFileSystemSynchronizedBuildFileExceptionSet;
			membershipExceptions = (
				Info.plist,
			);
			target = A3CD69032DBF745E00AB946D /* Morsel (iOS) */;
		};
		A3CD69642DBF752D00AB946D /* Exceptions for "MorselWidget" folder in "Morsel iOS Widgets" target */ = {
			isa = PBXFileSystemSynchronizedBuildFileExceptionSet;
			membershipExceptions = (
				Info.plist,
			);
			target = A3CD694B2DBF752B00AB946D /* Morsel iOS Widgets */;
		};
		A3CD69672DBF767300AB946D /* Exceptions for "Morsel" folder in "Morsel iOS Widgets" target */ = {
			isa = PBXFileSystemSynchronizedBuildFileExceptionSet;
			membershipExceptions = (
				FoodEntry.swift,
				"ModelContainer+Morsel.swift",
			);
			target = A3CD694B2DBF752B00AB946D /* Morsel iOS Widgets */;
		};
/* End PBXFileSystemSynchronizedBuildFileExceptionSet section */

/* Begin PBXFileSystemSynchronizedRootGroup section */
		A35D3CD72DBFB0B100C4C166 /* MorselWatch */ = {
			isa = PBXFileSystemSynchronizedRootGroup;
			path = MorselWatch;
			sourceTree = "<group>";
		};
		A35D3D7A2DBFD06B00C4C166 /* MorselMac */ = {
			isa = PBXFileSystemSynchronizedRootGroup;
			path = MorselMac;
			sourceTree = "<group>";
		};
		A35D3DAB2DBFDCBE00C4C166 /* MorselVision */ = {
			isa = PBXFileSystemSynchronizedRootGroup;
			exceptions = (
				A35D3DC12DBFDCC000C4C166 /* Exceptions for "MorselVision" folder in "Morsel (visionOS)" target */,
			);
			path = MorselVision;
			sourceTree = "<group>";
		};
		A3CD69062DBF745E00AB946D /* Morsel */ = {
			isa = PBXFileSystemSynchronizedRootGroup;
			exceptions = (
				A3CD69272DBF745F00AB946D /* Exceptions for "Morsel" folder in "Morsel (iOS)" target */,
				A3CD69672DBF767300AB946D /* Exceptions for "Morsel" folder in "Morsel iOS Widgets" target */,
				A35D3D022DBFB10C00C4C166 /* Exceptions for "Morsel" folder in "Morsel (watchOS)" target */,
				A35D3DA42DBFD0B800C4C166 /* Exceptions for "Morsel" folder in "Morsel (macOS)" target */,
				A35D3DC92DBFDD4500C4C166 /* Exceptions for "Morsel" folder in "Morsel (visionOS)" target */,
			);
			path = Morsel;
			sourceTree = "<group>";
		};
		A3CD69522DBF752B00AB946D /* MorselWidget */ = {
			isa = PBXFileSystemSynchronizedRootGroup;
			exceptions = (
				A3CD69642DBF752D00AB946D /* Exceptions for "MorselWidget" folder in "Morsel iOS Widgets" target */,
			);
			path = MorselWidget;
			sourceTree = "<group>";
		};
/* End PBXFileSystemSynchronizedRootGroup section */

/* Begin PBXFrameworksBuildPhase section */
		A35D3CD32DBFB0B100C4C166 /* Frameworks */ = {
			isa = PBXFrameworksBuildPhase;
			buildActionMask = 2147483647;
			files = (
			);
			runOnlyForDeploymentPostprocessing = 0;
		};
		A35D3D762DBFD06B00C4C166 /* Frameworks */ = {
			isa = PBXFrameworksBuildPhase;
			buildActionMask = 2147483647;
			files = (
			);
			runOnlyForDeploymentPostprocessing = 0;
		};
		A35D3DA72DBFDCBE00C4C166 /* Frameworks */ = {
			isa = PBXFrameworksBuildPhase;
			buildActionMask = 2147483647;
			files = (
				A35D3DAF2DBFDCBE00C4C166 /* RealityKitContent in Frameworks */,
			);
			runOnlyForDeploymentPostprocessing = 0;
		};
		A3CD69012DBF745E00AB946D /* Frameworks */ = {
			isa = PBXFrameworksBuildPhase;
			buildActionMask = 2147483647;
			files = (
			);
			runOnlyForDeploymentPostprocessing = 0;
		};
		A3CD69492DBF752B00AB946D /* Frameworks */ = {
			isa = PBXFrameworksBuildPhase;
			buildActionMask = 2147483647;
			files = (
				A3CD69512DBF752B00AB946D /* SwiftUI.framework in Frameworks */,
				A3CD694F2DBF752B00AB946D /* WidgetKit.framework in Frameworks */,
			);
			runOnlyForDeploymentPostprocessing = 0;
		};
/* End PBXFrameworksBuildPhase section */

/* Begin PBXGroup section */
		A35D3DAC2DBFDCBE00C4C166 /* Packages */ = {
			isa = PBXGroup;
			children = (
				A35D3DAD2DBFDCBE00C4C166 /* RealityKitContent */,
			);
			path = Packages;
			sourceTree = "<group>";
		};
		A3CD68FB2DBF745E00AB946D = {
			isa = PBXGroup;
			children = (
				A3CD69062DBF745E00AB946D /* Morsel */,
				A3CD69522DBF752B00AB946D /* MorselWidget */,
				A35D3CD72DBFB0B100C4C166 /* MorselWatch */,
				A35D3D7A2DBFD06B00C4C166 /* MorselMac */,
				A35D3DAB2DBFDCBE00C4C166 /* MorselVision */,
				A3CD694D2DBF752B00AB946D /* Frameworks */,
				A35D3DAC2DBFDCBE00C4C166 /* Packages */,
				A3CD69052DBF745E00AB946D /* Products */,
			);
			sourceTree = "<group>";
		};
		A3CD69052DBF745E00AB946D /* Products */ = {
			isa = PBXGroup;
			children = (
				A3CD69042DBF745E00AB946D /* Morsel (iOS).app */,
				A3CD694C2DBF752B00AB946D /* Morsel iOS Widgets.appex */,
				A35D3CD62DBFB0B100C4C166 /* Morsel (watchOS).app */,
				A35D3D792DBFD06B00C4C166 /* Morsel (macOS).app */,
				A35D3DAA2DBFDCBE00C4C166 /* Morsel (visionOS).app */,
			);
			name = Products;
			sourceTree = "<group>";
		};
		A3CD694D2DBF752B00AB946D /* Frameworks */ = {
			isa = PBXGroup;
			children = (
				A3CD694E2DBF752B00AB946D /* WidgetKit.framework */,
				A3CD69502DBF752B00AB946D /* SwiftUI.framework */,
			);
			name = Frameworks;
			sourceTree = "<group>";
		};
/* End PBXGroup section */

/* Begin PBXNativeTarget section */
		A35D3CD52DBFB0B100C4C166 /* Morsel (watchOS) */ = {
			isa = PBXNativeTarget;
			buildConfigurationList = A35D3CFE2DBFB0B300C4C166 /* Build configuration list for PBXNativeTarget "Morsel (watchOS)" */;
			buildPhases = (
				A35D3CD22DBFB0B100C4C166 /* Sources */,
				A35D3CD32DBFB0B100C4C166 /* Frameworks */,
				A35D3CD42DBFB0B100C4C166 /* Resources */,
			);
			buildRules = (
			);
			dependencies = (
			);
			fileSystemSynchronizedGroups = (
				A35D3CD72DBFB0B100C4C166 /* MorselWatch */,
			);
			name = "Morsel (watchOS)";
			packageProductDependencies = (
			);
			productName = "WristMorsel Watch App";
			productReference = A35D3CD62DBFB0B100C4C166 /* Morsel (watchOS).app */;
			productType = "com.apple.product-type.application";
		};
		A35D3D782DBFD06B00C4C166 /* Morsel (macOS) */ = {
			isa = PBXNativeTarget;
			buildConfigurationList = A35D3D9A2DBFD06D00C4C166 /* Build configuration list for PBXNativeTarget "Morsel (macOS)" */;
			buildPhases = (
				A35D3D752DBFD06B00C4C166 /* Sources */,
				A35D3D762DBFD06B00C4C166 /* Frameworks */,
				A35D3D772DBFD06B00C4C166 /* Resources */,
			);
			buildRules = (
			);
			dependencies = (
			);
			fileSystemSynchronizedGroups = (
				A35D3D7A2DBFD06B00C4C166 /* MorselMac */,
			);
			name = "Morsel (macOS)";
			packageProductDependencies = (
			);
			productName = MacMorsel;
			productReference = A35D3D792DBFD06B00C4C166 /* Morsel (macOS).app */;
			productType = "com.apple.product-type.application";
		};
		A35D3DA92DBFDCBE00C4C166 /* Morsel (visionOS) */ = {
			isa = PBXNativeTarget;
			buildConfigurationList = A35D3DC22DBFDCC000C4C166 /* Build configuration list for PBXNativeTarget "Morsel (visionOS)" */;
			buildPhases = (
				A35D3DA62DBFDCBE00C4C166 /* Sources */,
				A35D3DA72DBFDCBE00C4C166 /* Frameworks */,
				A35D3DA82DBFDCBE00C4C166 /* Resources */,
			);
			buildRules = (
			);
			dependencies = (
			);
			fileSystemSynchronizedGroups = (
				A35D3DAB2DBFDCBE00C4C166 /* MorselVision */,
			);
			name = "Morsel (visionOS)";
			packageProductDependencies = (
				A35D3DAE2DBFDCBE00C4C166 /* RealityKitContent */,
			);
			productName = "Morsel (visionOS)";
			productReference = A35D3DAA2DBFDCBE00C4C166 /* Morsel (visionOS).app */;
			productType = "com.apple.product-type.application";
		};
		A3CD69032DBF745E00AB946D /* Morsel (iOS) */ = {
			isa = PBXNativeTarget;
			buildConfigurationList = A3CD69282DBF745F00AB946D /* Build configuration list for PBXNativeTarget "Morsel (iOS)" */;
			buildPhases = (
				A3CD69002DBF745E00AB946D /* Sources */,
				A3CD69012DBF745E00AB946D /* Frameworks */,
				A3CD69022DBF745E00AB946D /* Resources */,
				A3CD69652DBF752D00AB946D /* Embed Foundation Extensions */,
				A35D3CF72DBFB0B300C4C166 /* Embed Watch Content */,
			);
			buildRules = (
			);
			dependencies = (
				A3CD695F2DBF752D00AB946D /* PBXTargetDependency */,
				A35D3CF52DBFB0B300C4C166 /* PBXTargetDependency */,
			);
			fileSystemSynchronizedGroups = (
				A3CD69062DBF745E00AB946D /* Morsel */,
			);
			name = "Morsel (iOS)";
			packageProductDependencies = (
			);
			productName = Morsel;
			productReference = A3CD69042DBF745E00AB946D /* Morsel (iOS).app */;
			productType = "com.apple.product-type.application";
		};
		A3CD694B2DBF752B00AB946D /* Morsel iOS Widgets */ = {
			isa = PBXNativeTarget;
			buildConfigurationList = A3CD69612DBF752D00AB946D /* Build configuration list for PBXNativeTarget "Morsel iOS Widgets" */;
			buildPhases = (
				A3CD69482DBF752B00AB946D /* Sources */,
				A3CD69492DBF752B00AB946D /* Frameworks */,
				A3CD694A2DBF752B00AB946D /* Resources */,
			);
			buildRules = (
			);
			dependencies = (
			);
			fileSystemSynchronizedGroups = (
				A3CD69522DBF752B00AB946D /* MorselWidget */,
			);
			name = "Morsel iOS Widgets";
			packageProductDependencies = (
			);
			productName = FoodEntryWidgetExtension;
			productReference = A3CD694C2DBF752B00AB946D /* Morsel iOS Widgets.appex */;
			productType = "com.apple.product-type.app-extension";
		};
/* End PBXNativeTarget section */

/* Begin PBXProject section */
		A3CD68FC2DBF745E00AB946D /* Project object */ = {
			isa = PBXProject;
			attributes = {
				BuildIndependentTargetsInParallel = 1;
				LastSwiftUpdateCheck = 1630;
				LastUpgradeCheck = 1630;
				TargetAttributes = {
					A35D3CD52DBFB0B100C4C166 = {
						CreatedOnToolsVersion = 16.3;
					};
					A35D3D782DBFD06B00C4C166 = {
						CreatedOnToolsVersion = 16.3;
					};
					A35D3DA92DBFDCBE00C4C166 = {
						CreatedOnToolsVersion = 16.3;
					};
					A3CD69032DBF745E00AB946D = {
						CreatedOnToolsVersion = 16.3;
					};
					A3CD694B2DBF752B00AB946D = {
						CreatedOnToolsVersion = 16.3;
					};
				};
			};
			buildConfigurationList = A3CD68FF2DBF745E00AB946D /* Build configuration list for PBXProject "Morsel" */;
			developmentRegion = en;
			hasScannedForEncodings = 0;
			knownRegions = (
				en,
				Base,
			);
			mainGroup = A3CD68FB2DBF745E00AB946D;
			minimizedProjectReferenceProxies = 1;
			preferredProjectObjectVersion = 77;
			productRefGroup = A3CD69052DBF745E00AB946D /* Products */;
			projectDirPath = "";
			projectRoot = "";
			targets = (
				A3CD69032DBF745E00AB946D /* Morsel (iOS) */,
				A3CD694B2DBF752B00AB946D /* Morsel iOS Widgets */,
				A35D3CD52DBFB0B100C4C166 /* Morsel (watchOS) */,
				A35D3D782DBFD06B00C4C166 /* Morsel (macOS) */,
				A35D3DA92DBFDCBE00C4C166 /* Morsel (visionOS) */,
			);
		};
/* End PBXProject section */

/* Begin PBXResourcesBuildPhase section */
		A35D3CD42DBFB0B100C4C166 /* Resources */ = {
			isa = PBXResourcesBuildPhase;
			buildActionMask = 2147483647;
			files = (
			);
			runOnlyForDeploymentPostprocessing = 0;
		};
		A35D3D772DBFD06B00C4C166 /* Resources */ = {
			isa = PBXResourcesBuildPhase;
			buildActionMask = 2147483647;
			files = (
			);
			runOnlyForDeploymentPostprocessing = 0;
		};
		A35D3DA82DBFDCBE00C4C166 /* Resources */ = {
			isa = PBXResourcesBuildPhase;
			buildActionMask = 2147483647;
			files = (
			);
			runOnlyForDeploymentPostprocessing = 0;
		};
		A3CD69022DBF745E00AB946D /* Resources */ = {
			isa = PBXResourcesBuildPhase;
			buildActionMask = 2147483647;
			files = (
			);
			runOnlyForDeploymentPostprocessing = 0;
		};
		A3CD694A2DBF752B00AB946D /* Resources */ = {
			isa = PBXResourcesBuildPhase;
			buildActionMask = 2147483647;
			files = (
			);
			runOnlyForDeploymentPostprocessing = 0;
		};
/* End PBXResourcesBuildPhase section */

/* Begin PBXSourcesBuildPhase section */
		A35D3CD22DBFB0B100C4C166 /* Sources */ = {
			isa = PBXSourcesBuildPhase;
			buildActionMask = 2147483647;
			files = (
			);
			runOnlyForDeploymentPostprocessing = 0;
		};
		A35D3D752DBFD06B00C4C166 /* Sources */ = {
			isa = PBXSourcesBuildPhase;
			buildActionMask = 2147483647;
			files = (
			);
			runOnlyForDeploymentPostprocessing = 0;
		};
		A35D3DA62DBFDCBE00C4C166 /* Sources */ = {
			isa = PBXSourcesBuildPhase;
			buildActionMask = 2147483647;
			files = (
			);
			runOnlyForDeploymentPostprocessing = 0;
		};
		A3CD69002DBF745E00AB946D /* Sources */ = {
			isa = PBXSourcesBuildPhase;
			buildActionMask = 2147483647;
			files = (
			);
			runOnlyForDeploymentPostprocessing = 0;
		};
		A3CD69482DBF752B00AB946D /* Sources */ = {
			isa = PBXSourcesBuildPhase;
			buildActionMask = 2147483647;
			files = (
			);
			runOnlyForDeploymentPostprocessing = 0;
		};
/* End PBXSourcesBuildPhase section */

/* Begin PBXTargetDependency section */
		A35D3CF52DBFB0B300C4C166 /* PBXTargetDependency */ = {
			isa = PBXTargetDependency;
			target = A35D3CD52DBFB0B100C4C166 /* Morsel (watchOS) */;
			targetProxy = A35D3CF42DBFB0B300C4C166 /* PBXContainerItemProxy */;
		};
		A3CD695F2DBF752D00AB946D /* PBXTargetDependency */ = {
			isa = PBXTargetDependency;
			target = A3CD694B2DBF752B00AB946D /* Morsel iOS Widgets */;
			targetProxy = A3CD695E2DBF752D00AB946D /* PBXContainerItemProxy */;
		};
/* End PBXTargetDependency section */

/* Begin XCBuildConfiguration section */
		A35D3CF82DBFB0B300C4C166 /* Debug */ = {
			isa = XCBuildConfiguration;
			buildSettings = {
				ASSETCATALOG_COMPILER_APPICON_NAME = AppIcon;
				ASSETCATALOG_COMPILER_GLOBAL_ACCENT_COLOR_NAME = AccentColor;
				CODE_SIGN_ENTITLEMENTS = MorselWatch/MorselWatch.entitlements;
				CODE_SIGN_STYLE = Automatic;
				CURRENT_PROJECT_VERSION = 1;
				DEVELOPMENT_TEAM = 82DGSFCWSX;
				ENABLE_PREVIEWS = YES;
				GENERATE_INFOPLIST_FILE = YES;
				INFOPLIST_FILE = "WristMorsel-Watch-App-Info.plist";
				INFOPLIST_KEY_CFBundleDisplayName = Morsel;
				INFOPLIST_KEY_UISupportedInterfaceOrientations = "UIInterfaceOrientationPortrait UIInterfaceOrientationPortraitUpsideDown";
				INFOPLIST_KEY_WKCompanionAppBundleIdentifier = com.lukecharman.morsel;
				LD_RUNPATH_SEARCH_PATHS = (
					"$(inherited)",
					"@executable_path/Frameworks",
				);
				MARKETING_VERSION = 1.0;
				PRODUCT_BUNDLE_IDENTIFIER = com.lukecharman.morsel.watch;
				PRODUCT_NAME = "$(TARGET_NAME)";
				SDKROOT = watchos;
				SKIP_INSTALL = YES;
				SWIFT_EMIT_LOC_STRINGS = YES;
				SWIFT_VERSION = 5.0;
				TARGETED_DEVICE_FAMILY = 4;
				WATCHOS_DEPLOYMENT_TARGET = 11.4;
			};
			name = Debug;
		};
		A35D3CF92DBFB0B300C4C166 /* Release */ = {
			isa = XCBuildConfiguration;
			buildSettings = {
				ASSETCATALOG_COMPILER_APPICON_NAME = AppIcon;
				ASSETCATALOG_COMPILER_GLOBAL_ACCENT_COLOR_NAME = AccentColor;
				CODE_SIGN_ENTITLEMENTS = MorselWatch/MorselWatch.entitlements;
				CODE_SIGN_STYLE = Automatic;
				CURRENT_PROJECT_VERSION = 1;
				DEVELOPMENT_TEAM = 82DGSFCWSX;
				ENABLE_PREVIEWS = YES;
				GENERATE_INFOPLIST_FILE = YES;
				INFOPLIST_FILE = "WristMorsel-Watch-App-Info.plist";
				INFOPLIST_KEY_CFBundleDisplayName = Morsel;
				INFOPLIST_KEY_UISupportedInterfaceOrientations = "UIInterfaceOrientationPortrait UIInterfaceOrientationPortraitUpsideDown";
				INFOPLIST_KEY_WKCompanionAppBundleIdentifier = com.lukecharman.morsel;
				LD_RUNPATH_SEARCH_PATHS = (
					"$(inherited)",
					"@executable_path/Frameworks",
				);
				MARKETING_VERSION = 1.0;
				PRODUCT_BUNDLE_IDENTIFIER = com.lukecharman.morsel.watch;
				PRODUCT_NAME = "$(TARGET_NAME)";
				SDKROOT = watchos;
				SKIP_INSTALL = YES;
				SWIFT_EMIT_LOC_STRINGS = YES;
				SWIFT_VERSION = 5.0;
				TARGETED_DEVICE_FAMILY = 4;
				WATCHOS_DEPLOYMENT_TARGET = 11.4;
			};
			name = Release;
		};
		A35D3D9B2DBFD06D00C4C166 /* Debug */ = {
			isa = XCBuildConfiguration;
			buildSettings = {
				ASSETCATALOG_COMPILER_APPICON_NAME = AppIcon;
				ASSETCATALOG_COMPILER_GLOBAL_ACCENT_COLOR_NAME = AccentColor;
				CODE_SIGN_ENTITLEMENTS = MorselMac/MorselMac.entitlements;
				CODE_SIGN_STYLE = Automatic;
				COMBINE_HIDPI_IMAGES = YES;
				CURRENT_PROJECT_VERSION = 1;
				DEVELOPMENT_TEAM = 82DGSFCWSX;
				ENABLE_HARDENED_RUNTIME = YES;
				ENABLE_PREVIEWS = YES;
				GENERATE_INFOPLIST_FILE = YES;
				INFOPLIST_KEY_CFBundleDisplayName = Morsel;
				INFOPLIST_KEY_NSHumanReadableCopyright = "";
				LD_RUNPATH_SEARCH_PATHS = (
					"$(inherited)",
					"@executable_path/../Frameworks",
				);
				MACOSX_DEPLOYMENT_TARGET = 15.4;
				MARKETING_VERSION = 1.0;
				PRODUCT_BUNDLE_IDENTIFIER = com.lukecharman.morsel.mac;
				PRODUCT_NAME = "$(TARGET_NAME)";
				REGISTER_APP_GROUPS = YES;
				SDKROOT = macosx;
				SWIFT_EMIT_LOC_STRINGS = YES;
				SWIFT_VERSION = 5.0;
			};
			name = Debug;
		};
		A35D3D9C2DBFD06D00C4C166 /* Release */ = {
			isa = XCBuildConfiguration;
			buildSettings = {
				ASSETCATALOG_COMPILER_APPICON_NAME = AppIcon;
				ASSETCATALOG_COMPILER_GLOBAL_ACCENT_COLOR_NAME = AccentColor;
				CODE_SIGN_ENTITLEMENTS = MorselMac/MorselMac.entitlements;
				CODE_SIGN_STYLE = Automatic;
				COMBINE_HIDPI_IMAGES = YES;
				CURRENT_PROJECT_VERSION = 1;
				DEVELOPMENT_TEAM = 82DGSFCWSX;
				ENABLE_HARDENED_RUNTIME = YES;
				ENABLE_PREVIEWS = YES;
				GENERATE_INFOPLIST_FILE = YES;
				INFOPLIST_KEY_CFBundleDisplayName = Morsel;
				INFOPLIST_KEY_NSHumanReadableCopyright = "";
				LD_RUNPATH_SEARCH_PATHS = (
					"$(inherited)",
					"@executable_path/../Frameworks",
				);
				MACOSX_DEPLOYMENT_TARGET = 15.4;
				MARKETING_VERSION = 1.0;
				PRODUCT_BUNDLE_IDENTIFIER = com.lukecharman.morsel.mac;
				PRODUCT_NAME = "$(TARGET_NAME)";
				REGISTER_APP_GROUPS = YES;
				SDKROOT = macosx;
				SWIFT_EMIT_LOC_STRINGS = YES;
				SWIFT_VERSION = 5.0;
			};
			name = Release;
		};
		A35D3DC32DBFDCC000C4C166 /* Debug */ = {
			isa = XCBuildConfiguration;
			buildSettings = {
				ASSETCATALOG_COMPILER_APPICON_NAME = AppIcon;
				ASSETCATALOG_COMPILER_GLOBAL_ACCENT_COLOR_NAME = AccentColor;
				CODE_SIGN_STYLE = Automatic;
				CURRENT_PROJECT_VERSION = 1;
				DEVELOPMENT_TEAM = 82DGSFCWSX;
				ENABLE_PREVIEWS = YES;
				GENERATE_INFOPLIST_FILE = YES;
				INFOPLIST_FILE = MorselVision/Info.plist;
				LD_RUNPATH_SEARCH_PATHS = (
					"$(inherited)",
					"@executable_path/Frameworks",
				);
				MARKETING_VERSION = 1.0;
				PRODUCT_BUNDLE_IDENTIFIER = com.lukecharman.morsel.vision;
				PRODUCT_NAME = "$(TARGET_NAME)";
				SDKROOT = xros;
				SUPPORTED_PLATFORMS = "xros xrsimulator";
				SWIFT_EMIT_LOC_STRINGS = YES;
				SWIFT_VERSION = 5.0;
				TARGETED_DEVICE_FAMILY = 7;
				XROS_DEPLOYMENT_TARGET = 2.4;
			};
			name = Debug;
		};
		A35D3DC42DBFDCC000C4C166 /* Release */ = {
			isa = XCBuildConfiguration;
			buildSettings = {
				ASSETCATALOG_COMPILER_APPICON_NAME = AppIcon;
				ASSETCATALOG_COMPILER_GLOBAL_ACCENT_COLOR_NAME = AccentColor;
				CODE_SIGN_STYLE = Automatic;
				CURRENT_PROJECT_VERSION = 1;
				DEVELOPMENT_TEAM = 82DGSFCWSX;
				ENABLE_PREVIEWS = YES;
				GENERATE_INFOPLIST_FILE = YES;
				INFOPLIST_FILE = MorselVision/Info.plist;
				LD_RUNPATH_SEARCH_PATHS = (
					"$(inherited)",
					"@executable_path/Frameworks",
				);
				MARKETING_VERSION = 1.0;
				PRODUCT_BUNDLE_IDENTIFIER = com.lukecharman.morsel.vision;
				PRODUCT_NAME = "$(TARGET_NAME)";
				SDKROOT = xros;
				SUPPORTED_PLATFORMS = "xros xrsimulator";
				SWIFT_EMIT_LOC_STRINGS = YES;
				SWIFT_VERSION = 5.0;
				TARGETED_DEVICE_FAMILY = 7;
				XROS_DEPLOYMENT_TARGET = 2.4;
			};
			name = Release;
		};
		A3CD69292DBF745F00AB946D /* Debug */ = {
			isa = XCBuildConfiguration;
			buildSettings = {
				ASSETCATALOG_COMPILER_APPICON_NAME = AppIcon;
				ASSETCATALOG_COMPILER_GLOBAL_ACCENT_COLOR_NAME = AccentColor;
				CODE_SIGN_ENTITLEMENTS = Morsel/Morsel.entitlements;
				CODE_SIGN_STYLE = Automatic;
				CURRENT_PROJECT_VERSION = 1;
				DEVELOPMENT_TEAM = 82DGSFCWSX;
				ENABLE_PREVIEWS = YES;
				GENERATE_INFOPLIST_FILE = YES;
				INFOPLIST_FILE = Morsel/Info.plist;
				INFOPLIST_KEY_CFBundleDisplayName = Morsel;
				INFOPLIST_KEY_UIApplicationSceneManifest_Generation = YES;
				INFOPLIST_KEY_UIApplicationSupportsIndirectInputEvents = YES;
				INFOPLIST_KEY_UILaunchScreen_Generation = YES;
				INFOPLIST_KEY_UISupportedInterfaceOrientations_iPad = "UIInterfaceOrientationPortrait UIInterfaceOrientationPortraitUpsideDown UIInterfaceOrientationLandscapeLeft UIInterfaceOrientationLandscapeRight";
				INFOPLIST_KEY_UISupportedInterfaceOrientations_iPhone = "UIInterfaceOrientationPortrait UIInterfaceOrientationLandscapeLeft UIInterfaceOrientationLandscapeRight";
				LD_RUNPATH_SEARCH_PATHS = (
					"$(inherited)",
					"@executable_path/Frameworks",
				);
				MARKETING_VERSION = 1.0;
				PRODUCT_BUNDLE_IDENTIFIER = com.lukecharman.morsel;
				PRODUCT_NAME = "$(TARGET_NAME)";
				SUPPORTED_PLATFORMS = "iphoneos iphonesimulator";
				SUPPORTS_MACCATALYST = NO;
				SUPPORTS_MAC_DESIGNED_FOR_IPHONE_IPAD = NO;
				SUPPORTS_XR_DESIGNED_FOR_IPHONE_IPAD = NO;
				SWIFT_EMIT_LOC_STRINGS = YES;
				SWIFT_VERSION = 5.0;
				TARGETED_DEVICE_FAMILY = "1,2";
			};
			name = Debug;
		};
		A3CD692A2DBF745F00AB946D /* Release */ = {
			isa = XCBuildConfiguration;
			buildSettings = {
				ASSETCATALOG_COMPILER_APPICON_NAME = AppIcon;
				ASSETCATALOG_COMPILER_GLOBAL_ACCENT_COLOR_NAME = AccentColor;
				CODE_SIGN_ENTITLEMENTS = Morsel/Morsel.entitlements;
				CODE_SIGN_STYLE = Automatic;
				CURRENT_PROJECT_VERSION = 1;
				DEVELOPMENT_TEAM = 82DGSFCWSX;
				ENABLE_PREVIEWS = YES;
				GENERATE_INFOPLIST_FILE = YES;
				INFOPLIST_FILE = Morsel/Info.plist;
				INFOPLIST_KEY_CFBundleDisplayName = Morsel;
				INFOPLIST_KEY_UIApplicationSceneManifest_Generation = YES;
				INFOPLIST_KEY_UIApplicationSupportsIndirectInputEvents = YES;
				INFOPLIST_KEY_UILaunchScreen_Generation = YES;
				INFOPLIST_KEY_UISupportedInterfaceOrientations_iPad = "UIInterfaceOrientationPortrait UIInterfaceOrientationPortraitUpsideDown UIInterfaceOrientationLandscapeLeft UIInterfaceOrientationLandscapeRight";
				INFOPLIST_KEY_UISupportedInterfaceOrientations_iPhone = "UIInterfaceOrientationPortrait UIInterfaceOrientationLandscapeLeft UIInterfaceOrientationLandscapeRight";
				LD_RUNPATH_SEARCH_PATHS = (
					"$(inherited)",
					"@executable_path/Frameworks",
				);
				MARKETING_VERSION = 1.0;
				PRODUCT_BUNDLE_IDENTIFIER = com.lukecharman.morsel;
				PRODUCT_NAME = "$(TARGET_NAME)";
				SUPPORTED_PLATFORMS = "iphoneos iphonesimulator";
				SUPPORTS_MACCATALYST = NO;
				SUPPORTS_MAC_DESIGNED_FOR_IPHONE_IPAD = NO;
				SUPPORTS_XR_DESIGNED_FOR_IPHONE_IPAD = NO;
				SWIFT_EMIT_LOC_STRINGS = YES;
				SWIFT_VERSION = 5.0;
				TARGETED_DEVICE_FAMILY = "1,2";
			};
			name = Release;
		};
		A3CD692B2DBF745F00AB946D /* Debug */ = {
			isa = XCBuildConfiguration;
			buildSettings = {
				ALWAYS_SEARCH_USER_PATHS = NO;
				ASSETCATALOG_COMPILER_GENERATE_SWIFT_ASSET_SYMBOL_EXTENSIONS = YES;
				CLANG_ANALYZER_NONNULL = YES;
				CLANG_ANALYZER_NUMBER_OBJECT_CONVERSION = YES_AGGRESSIVE;
				CLANG_CXX_LANGUAGE_STANDARD = "gnu++20";
				CLANG_ENABLE_MODULES = YES;
				CLANG_ENABLE_OBJC_ARC = YES;
				CLANG_ENABLE_OBJC_WEAK = YES;
				CLANG_WARN_BLOCK_CAPTURE_AUTORELEASING = YES;
				CLANG_WARN_BOOL_CONVERSION = YES;
				CLANG_WARN_COMMA = YES;
				CLANG_WARN_CONSTANT_CONVERSION = YES;
				CLANG_WARN_DEPRECATED_OBJC_IMPLEMENTATIONS = YES;
				CLANG_WARN_DIRECT_OBJC_ISA_USAGE = YES_ERROR;
				CLANG_WARN_DOCUMENTATION_COMMENTS = YES;
				CLANG_WARN_EMPTY_BODY = YES;
				CLANG_WARN_ENUM_CONVERSION = YES;
				CLANG_WARN_INFINITE_RECURSION = YES;
				CLANG_WARN_INT_CONVERSION = YES;
				CLANG_WARN_NON_LITERAL_NULL_CONVERSION = YES;
				CLANG_WARN_OBJC_IMPLICIT_RETAIN_SELF = YES;
				CLANG_WARN_OBJC_LITERAL_CONVERSION = YES;
				CLANG_WARN_OBJC_ROOT_CLASS = YES_ERROR;
				CLANG_WARN_QUOTED_INCLUDE_IN_FRAMEWORK_HEADER = YES;
				CLANG_WARN_RANGE_LOOP_ANALYSIS = YES;
				CLANG_WARN_STRICT_PROTOTYPES = YES;
				CLANG_WARN_SUSPICIOUS_MOVE = YES;
				CLANG_WARN_UNGUARDED_AVAILABILITY = YES_AGGRESSIVE;
				CLANG_WARN_UNREACHABLE_CODE = YES;
				CLANG_WARN__DUPLICATE_METHOD_MATCH = YES;
				COPY_PHASE_STRIP = NO;
				DEBUG_INFORMATION_FORMAT = dwarf;
				DEVELOPMENT_TEAM = 82DGSFCWSX;
				ENABLE_STRICT_OBJC_MSGSEND = YES;
				ENABLE_TESTABILITY = YES;
				ENABLE_USER_SCRIPT_SANDBOXING = YES;
				GCC_C_LANGUAGE_STANDARD = gnu17;
				GCC_DYNAMIC_NO_PIC = NO;
				GCC_NO_COMMON_BLOCKS = YES;
				GCC_OPTIMIZATION_LEVEL = 0;
				GCC_PREPROCESSOR_DEFINITIONS = (
					"DEBUG=1",
					"$(inherited)",
				);
				GCC_WARN_64_TO_32_BIT_CONVERSION = YES;
				GCC_WARN_ABOUT_RETURN_TYPE = YES_ERROR;
				GCC_WARN_UNDECLARED_SELECTOR = YES;
				GCC_WARN_UNINITIALIZED_AUTOS = YES_AGGRESSIVE;
				GCC_WARN_UNUSED_FUNCTION = YES;
				GCC_WARN_UNUSED_VARIABLE = YES;
				IPHONEOS_DEPLOYMENT_TARGET = 18.4;
				LOCALIZATION_PREFERS_STRING_CATALOGS = YES;
				MTL_ENABLE_DEBUG_INFO = INCLUDE_SOURCE;
				MTL_FAST_MATH = YES;
				ONLY_ACTIVE_ARCH = YES;
				SDKROOT = iphoneos;
				SWIFT_ACTIVE_COMPILATION_CONDITIONS = "DEBUG $(inherited)";
				SWIFT_OPTIMIZATION_LEVEL = "-Onone";
			};
			name = Debug;
		};
		A3CD692C2DBF745F00AB946D /* Release */ = {
			isa = XCBuildConfiguration;
			buildSettings = {
				ALWAYS_SEARCH_USER_PATHS = NO;
				ASSETCATALOG_COMPILER_GENERATE_SWIFT_ASSET_SYMBOL_EXTENSIONS = YES;
				CLANG_ANALYZER_NONNULL = YES;
				CLANG_ANALYZER_NUMBER_OBJECT_CONVERSION = YES_AGGRESSIVE;
				CLANG_CXX_LANGUAGE_STANDARD = "gnu++20";
				CLANG_ENABLE_MODULES = YES;
				CLANG_ENABLE_OBJC_ARC = YES;
				CLANG_ENABLE_OBJC_WEAK = YES;
				CLANG_WARN_BLOCK_CAPTURE_AUTORELEASING = YES;
				CLANG_WARN_BOOL_CONVERSION = YES;
				CLANG_WARN_COMMA = YES;
				CLANG_WARN_CONSTANT_CONVERSION = YES;
				CLANG_WARN_DEPRECATED_OBJC_IMPLEMENTATIONS = YES;
				CLANG_WARN_DIRECT_OBJC_ISA_USAGE = YES_ERROR;
				CLANG_WARN_DOCUMENTATION_COMMENTS = YES;
				CLANG_WARN_EMPTY_BODY = YES;
				CLANG_WARN_ENUM_CONVERSION = YES;
				CLANG_WARN_INFINITE_RECURSION = YES;
				CLANG_WARN_INT_CONVERSION = YES;
				CLANG_WARN_NON_LITERAL_NULL_CONVERSION = YES;
				CLANG_WARN_OBJC_IMPLICIT_RETAIN_SELF = YES;
				CLANG_WARN_OBJC_LITERAL_CONVERSION = YES;
				CLANG_WARN_OBJC_ROOT_CLASS = YES_ERROR;
				CLANG_WARN_QUOTED_INCLUDE_IN_FRAMEWORK_HEADER = YES;
				CLANG_WARN_RANGE_LOOP_ANALYSIS = YES;
				CLANG_WARN_STRICT_PROTOTYPES = YES;
				CLANG_WARN_SUSPICIOUS_MOVE = YES;
				CLANG_WARN_UNGUARDED_AVAILABILITY = YES_AGGRESSIVE;
				CLANG_WARN_UNREACHABLE_CODE = YES;
				CLANG_WARN__DUPLICATE_METHOD_MATCH = YES;
				COPY_PHASE_STRIP = NO;
				DEBUG_INFORMATION_FORMAT = "dwarf-with-dsym";
				DEVELOPMENT_TEAM = 82DGSFCWSX;
				ENABLE_NS_ASSERTIONS = NO;
				ENABLE_STRICT_OBJC_MSGSEND = YES;
				ENABLE_USER_SCRIPT_SANDBOXING = YES;
				GCC_C_LANGUAGE_STANDARD = gnu17;
				GCC_NO_COMMON_BLOCKS = YES;
				GCC_WARN_64_TO_32_BIT_CONVERSION = YES;
				GCC_WARN_ABOUT_RETURN_TYPE = YES_ERROR;
				GCC_WARN_UNDECLARED_SELECTOR = YES;
				GCC_WARN_UNINITIALIZED_AUTOS = YES_AGGRESSIVE;
				GCC_WARN_UNUSED_FUNCTION = YES;
				GCC_WARN_UNUSED_VARIABLE = YES;
				IPHONEOS_DEPLOYMENT_TARGET = 18.4;
				LOCALIZATION_PREFERS_STRING_CATALOGS = YES;
				MTL_ENABLE_DEBUG_INFO = NO;
				MTL_FAST_MATH = YES;
				SDKROOT = iphoneos;
				SWIFT_COMPILATION_MODE = wholemodule;
				VALIDATE_PRODUCT = YES;
			};
			name = Release;
		};
		A3CD69622DBF752D00AB946D /* Debug */ = {
			isa = XCBuildConfiguration;
			buildSettings = {
				ASSETCATALOG_COMPILER_GLOBAL_ACCENT_COLOR_NAME = AccentColor;
				ASSETCATALOG_COMPILER_WIDGET_BACKGROUND_COLOR_NAME = WidgetBackground;
				CODE_SIGN_ENTITLEMENTS = MorselWidget/MorselWidgetExtension.entitlements;
				CODE_SIGN_STYLE = Automatic;
				CURRENT_PROJECT_VERSION = 1;
				DEVELOPMENT_TEAM = 82DGSFCWSX;
				GENERATE_INFOPLIST_FILE = YES;
				INFOPLIST_FILE = MorselWidget/Info.plist;
				INFOPLIST_KEY_CFBundleDisplayName = Morsel;
				INFOPLIST_KEY_NSHumanReadableCopyright = "";
				LD_RUNPATH_SEARCH_PATHS = (
					"$(inherited)",
					"@executable_path/Frameworks",
					"@executable_path/../../Frameworks",
				);
				MARKETING_VERSION = 1.0;
				PRODUCT_BUNDLE_IDENTIFIER = com.lukecharman.morsel.widgets;
				PRODUCT_NAME = "$(TARGET_NAME)";
				SKIP_INSTALL = YES;
				SWIFT_EMIT_LOC_STRINGS = YES;
				SWIFT_VERSION = 5.0;
				TARGETED_DEVICE_FAMILY = "1,2";
			};
			name = Debug;
		};
		A3CD69632DBF752D00AB946D /* Release */ = {
			isa = XCBuildConfiguration;
			buildSettings = {
				ASSETCATALOG_COMPILER_GLOBAL_ACCENT_COLOR_NAME = AccentColor;
				ASSETCATALOG_COMPILER_WIDGET_BACKGROUND_COLOR_NAME = WidgetBackground;
				CODE_SIGN_ENTITLEMENTS = MorselWidget/MorselWidgetExtension.entitlements;
				CODE_SIGN_STYLE = Automatic;
				CURRENT_PROJECT_VERSION = 1;
				DEVELOPMENT_TEAM = 82DGSFCWSX;
				GENERATE_INFOPLIST_FILE = YES;
				INFOPLIST_FILE = MorselWidget/Info.plist;
				INFOPLIST_KEY_CFBundleDisplayName = Morsel;
				INFOPLIST_KEY_NSHumanReadableCopyright = "";
				LD_RUNPATH_SEARCH_PATHS = (
					"$(inherited)",
					"@executable_path/Frameworks",
					"@executable_path/../../Frameworks",
				);
				MARKETING_VERSION = 1.0;
				PRODUCT_BUNDLE_IDENTIFIER = com.lukecharman.morsel.widgets;
				PRODUCT_NAME = "$(TARGET_NAME)";
				SKIP_INSTALL = YES;
				SWIFT_EMIT_LOC_STRINGS = YES;
				SWIFT_VERSION = 5.0;
				TARGETED_DEVICE_FAMILY = "1,2";
			};
			name = Release;
		};
/* End XCBuildConfiguration section */

/* Begin XCConfigurationList section */
		A35D3CFE2DBFB0B300C4C166 /* Build configuration list for PBXNativeTarget "Morsel (watchOS)" */ = {
			isa = XCConfigurationList;
			buildConfigurations = (
				A35D3CF82DBFB0B300C4C166 /* Debug */,
				A35D3CF92DBFB0B300C4C166 /* Release */,
			);
			defaultConfigurationIsVisible = 0;
			defaultConfigurationName = Release;
		};
		A35D3D9A2DBFD06D00C4C166 /* Build configuration list for PBXNativeTarget "Morsel (macOS)" */ = {
			isa = XCConfigurationList;
			buildConfigurations = (
				A35D3D9B2DBFD06D00C4C166 /* Debug */,
				A35D3D9C2DBFD06D00C4C166 /* Release */,
			);
			defaultConfigurationIsVisible = 0;
			defaultConfigurationName = Release;
		};
		A35D3DC22DBFDCC000C4C166 /* Build configuration list for PBXNativeTarget "Morsel (visionOS)" */ = {
			isa = XCConfigurationList;
			buildConfigurations = (
				A35D3DC32DBFDCC000C4C166 /* Debug */,
				A35D3DC42DBFDCC000C4C166 /* Release */,
			);
			defaultConfigurationIsVisible = 0;
			defaultConfigurationName = Release;
		};
		A3CD68FF2DBF745E00AB946D /* Build configuration list for PBXProject "Morsel" */ = {
			isa = XCConfigurationList;
			buildConfigurations = (
				A3CD692B2DBF745F00AB946D /* Debug */,
				A3CD692C2DBF745F00AB946D /* Release */,
			);
			defaultConfigurationIsVisible = 0;
			defaultConfigurationName = Release;
		};
		A3CD69282DBF745F00AB946D /* Build configuration list for PBXNativeTarget "Morsel (iOS)" */ = {
			isa = XCConfigurationList;
			buildConfigurations = (
				A3CD69292DBF745F00AB946D /* Debug */,
				A3CD692A2DBF745F00AB946D /* Release */,
			);
			defaultConfigurationIsVisible = 0;
			defaultConfigurationName = Release;
		};
		A3CD69612DBF752D00AB946D /* Build configuration list for PBXNativeTarget "Morsel iOS Widgets" */ = {
			isa = XCConfigurationList;
			buildConfigurations = (
				A3CD69622DBF752D00AB946D /* Debug */,
				A3CD69632DBF752D00AB946D /* Release */,
			);
			defaultConfigurationIsVisible = 0;
			defaultConfigurationName = Release;
		};
/* End XCConfigurationList section */

/* Begin XCSwiftPackageProductDependency section */
		A35D3DAE2DBFDCBE00C4C166 /* RealityKitContent */ = {
			isa = XCSwiftPackageProductDependency;
			productName = RealityKitContent;
		};
/* End XCSwiftPackageProductDependency section */
	};
	rootObject = A3CD68FC2DBF745E00AB946D /* Project object */;
}
