// !$*UTF8*$!
{
	archiveVersion = 1;
	classes = {
	};
	objectVersion = 77;
	objects = {

/* Begin PBXBuildFile section */
		A35012DA2DEDA30600ACBA75 /* TelemetryDeck in Frameworks */ = {isa = PBXBuildFile; productRef = A35012D92DEDA30600ACBA75 /* TelemetryDeck */; };
		A35012DC2DEDA31200ACBA75 /* TelemetryDeck in Frameworks */ = {isa = PBXBuildFile; productRef = A35012DB2DEDA31200ACBA75 /* TelemetryDeck */; };
		A35012DE2DEDA31700ACBA75 /* Sentry in Frameworks */ = {isa = PBXBuildFile; productRef = A35012DD2DEDA31700ACBA75 /* Sentry */; };
		A35012E02DEDA31D00ACBA75 /* Sentry in Frameworks */ = {isa = PBXBuildFile; productRef = A35012DF2DEDA31D00ACBA75 /* Sentry */; };
		A35982722E40C068007679F3 /* Morsel.xctestplan in Resources */ = {isa = PBXBuildFile; fileRef = A35982712E40C068007679F3 /* Morsel.xctestplan */; };
		A35984FC2E40CB1A007679F3 /* CoreMorsel in Frameworks */ = {isa = PBXBuildFile; productRef = A35984FB2E40CB1A007679F3 /* CoreMorsel */; };
		A35984FE2E40CB1F007679F3 /* CoreMorsel in Frameworks */ = {isa = PBXBuildFile; productRef = A35984FD2E40CB1F007679F3 /* CoreMorsel */; };
		A35985002E40CB23007679F3 /* CoreMorsel in Frameworks */ = {isa = PBXBuildFile; productRef = A35984FF2E40CB23007679F3 /* CoreMorsel */; };
		A35985022E40CB27007679F3 /* CoreMorsel in Frameworks */ = {isa = PBXBuildFile; productRef = A35985012E40CB27007679F3 /* CoreMorsel */; };
		A35D3CF62DBFB0B300C4C166 /* Morsel (watchOS).app in Embed Watch Content */ = {isa = PBXBuildFile; fileRef = A35D3CD62DBFB0B100C4C166 /* Morsel (watchOS).app */; settings = {ATTRIBUTES = (RemoveHeadersOnCopy, ); }; };
		A36333E92DC94B7500DD9ADA /* TODO.txt in Sources */ = {isa = PBXBuildFile; fileRef = A36333E82DC94B7500DD9ADA /* TODO.txt */; };
		A36479442DCC948200A2F723 /* TelemetryDeck in Frameworks */ = {isa = PBXBuildFile; productRef = A36479432DCC948200A2F723 /* TelemetryDeck */; };
		A3647A8B2DCE2BA100A2F723 /* TelemetryDeck in Frameworks */ = {isa = PBXBuildFile; productRef = A3647A8A2DCE2BA100A2F723 /* TelemetryDeck */; };
		A3AE569B2DC2731800608E0D /* WidgetKit.framework in Frameworks */ = {isa = PBXBuildFile; fileRef = A3CD694E2DBF752B00AB946D /* WidgetKit.framework */; };
		A3AE569C2DC2731800608E0D /* SwiftUI.framework in Frameworks */ = {isa = PBXBuildFile; fileRef = A3CD69502DBF752B00AB946D /* SwiftUI.framework */; };
		A3AE56A72DC2731A00608E0D /* Widgets (watchOS).appex in Embed Foundation Extensions */ = {isa = PBXBuildFile; fileRef = A3AE569A2DC2731800608E0D /* Widgets (watchOS).appex */; settings = {ATTRIBUTES = (RemoveHeadersOnCopy, ); }; };
		A3BC69BD2DE99932009186B4 /* Sentry in Frameworks */ = {isa = PBXBuildFile; productRef = FAC31114A76142BEAB120BFC /* Sentry */; };
		A3BC6ABD2DEA329A009186B4 /* StoreKit.framework in Frameworks */ = {isa = PBXBuildFile; fileRef = A3BC6ABC2DEA329A009186B4 /* StoreKit.framework */; };
		A3CD694F2DBF752B00AB946D /* WidgetKit.framework in Frameworks */ = {isa = PBXBuildFile; fileRef = A3CD694E2DBF752B00AB946D /* WidgetKit.framework */; };
		A3CD69512DBF752B00AB946D /* SwiftUI.framework in Frameworks */ = {isa = PBXBuildFile; fileRef = A3CD69502DBF752B00AB946D /* SwiftUI.framework */; };
		A3CD69602DBF752D00AB946D /* Widgets (iOS).appex in Embed Foundation Extensions */ = {isa = PBXBuildFile; fileRef = A3CD694C2DBF752B00AB946D /* Widgets (iOS).appex */; settings = {ATTRIBUTES = (RemoveHeadersOnCopy, ); }; };
		BAF2A8FFFA3F45989944E0DD /* Sentry in Frameworks */ = {isa = PBXBuildFile; productRef = FAC31114A76142BEAB120BFC /* Sentry */; };
/* End PBXBuildFile section */

/* Begin PBXContainerItemProxy section */
		A329C3282E3F57FC001D158E /* PBXContainerItemProxy */ = {
			isa = PBXContainerItemProxy;
			containerPortal = A3CD68FC2DBF745E00AB946D /* Project object */;
			proxyType = 1;
			remoteGlobalIDString = A3CD69032DBF745E00AB946D;
			remoteInfo = "Morsel (iOS)";
		};
		A329C3352E3F5820001D158E /* PBXContainerItemProxy */ = {
			isa = PBXContainerItemProxy;
			containerPortal = A3CD68FC2DBF745E00AB946D /* Project object */;
			proxyType = 1;
			remoteGlobalIDString = A35D3CD52DBFB0B100C4C166;
			remoteInfo = "Morsel (watchOS)";
		};
		A329C3442E3F586A001D158E /* PBXContainerItemProxy */ = {
			isa = PBXContainerItemProxy;
			containerPortal = A3CD68FC2DBF745E00AB946D /* Project object */;
			proxyType = 1;
			remoteGlobalIDString = A3CD69032DBF745E00AB946D;
			remoteInfo = "Morsel (iOS)";
		};
		A329C3532E3F587E001D158E /* PBXContainerItemProxy */ = {
			isa = PBXContainerItemProxy;
			containerPortal = A3CD68FC2DBF745E00AB946D /* Project object */;
			proxyType = 1;
			remoteGlobalIDString = A35D3CD52DBFB0B100C4C166;
			remoteInfo = "Morsel (watchOS)";
		};
		A35D3CF42DBFB0B300C4C166 /* PBXContainerItemProxy */ = {
			isa = PBXContainerItemProxy;
			containerPortal = A3CD68FC2DBF745E00AB946D /* Project object */;
			proxyType = 1;
			remoteGlobalIDString = A35D3CD52DBFB0B100C4C166;
			remoteInfo = "WristMorsel Watch App";
		};
		A3AE56A52DC2731A00608E0D /* PBXContainerItemProxy */ = {
			isa = PBXContainerItemProxy;
			containerPortal = A3CD68FC2DBF745E00AB946D /* Project object */;
			proxyType = 1;
			remoteGlobalIDString = A3AE56992DC2731800608E0D;
			remoteInfo = WatchWidgetsExtension;
		};
		A3CD695E2DBF752D00AB946D /* PBXContainerItemProxy */ = {
			isa = PBXContainerItemProxy;
			containerPortal = A3CD68FC2DBF745E00AB946D /* Project object */;
			proxyType = 1;
			remoteGlobalIDString = A3CD694B2DBF752B00AB946D;
			remoteInfo = FoodEntryWidgetExtension;
		};
/* End PBXContainerItemProxy section */

/* Begin PBXCopyFilesBuildPhase section */
		A35D3CF72DBFB0B300C4C166 /* Embed Watch Content */ = {
			isa = PBXCopyFilesBuildPhase;
			buildActionMask = 2147483647;
			dstPath = "$(CONTENTS_FOLDER_PATH)/Watch";
			dstSubfolderSpec = 16;
			files = (
				A35D3CF62DBFB0B300C4C166 /* Morsel (watchOS).app in Embed Watch Content */,
			);
			name = "Embed Watch Content";
			runOnlyForDeploymentPostprocessing = 0;
		};
		A3AE56AC2DC2731A00608E0D /* Embed Foundation Extensions */ = {
			isa = PBXCopyFilesBuildPhase;
			buildActionMask = 2147483647;
			dstPath = "";
			dstSubfolderSpec = 13;
			files = (
				A3AE56A72DC2731A00608E0D /* Widgets (watchOS).appex in Embed Foundation Extensions */,
			);
			name = "Embed Foundation Extensions";
			runOnlyForDeploymentPostprocessing = 0;
		};
		A3CD69652DBF752D00AB946D /* Embed Foundation Extensions */ = {
			isa = PBXCopyFilesBuildPhase;
			buildActionMask = 2147483647;
			dstPath = "";
			dstSubfolderSpec = 13;
			files = (
				A3CD69602DBF752D00AB946D /* Widgets (iOS).appex in Embed Foundation Extensions */,
			);
			name = "Embed Foundation Extensions";
			runOnlyForDeploymentPostprocessing = 0;
		};
/* End PBXCopyFilesBuildPhase section */

/* Begin PBXFileReference section */
		A329C3242E3F57FC001D158E /* iOSTests.xctest */ = {isa = PBXFileReference; explicitFileType = wrapper.cfbundle; includeInIndex = 0; path = iOSTests.xctest; sourceTree = BUILT_PRODUCTS_DIR; };
		A329C3312E3F5820001D158E /* watchOSTests.xctest */ = {isa = PBXFileReference; explicitFileType = wrapper.cfbundle; includeInIndex = 0; path = watchOSTests.xctest; sourceTree = BUILT_PRODUCTS_DIR; };
		A329C33E2E3F586A001D158E /* iOSUITests.xctest */ = {isa = PBXFileReference; explicitFileType = wrapper.cfbundle; includeInIndex = 0; path = iOSUITests.xctest; sourceTree = BUILT_PRODUCTS_DIR; };
		A329C34D2E3F587E001D158E /* watchOSUITests.xctest */ = {isa = PBXFileReference; explicitFileType = wrapper.cfbundle; includeInIndex = 0; path = watchOSUITests.xctest; sourceTree = BUILT_PRODUCTS_DIR; };
		A35982712E40C068007679F3 /* Morsel.xctestplan */ = {isa = PBXFileReference; lastKnownFileType = text; path = Morsel.xctestplan; sourceTree = "<group>"; };
		A35D3CD62DBFB0B100C4C166 /* Morsel (watchOS).app */ = {isa = PBXFileReference; explicitFileType = wrapper.application; includeInIndex = 0; path = "Morsel (watchOS).app"; sourceTree = BUILT_PRODUCTS_DIR; };
		A36333E82DC94B7500DD9ADA /* TODO.txt */ = {isa = PBXFileReference; lastKnownFileType = text; path = TODO.txt; sourceTree = "<group>"; };
		A3AE569A2DC2731800608E0D /* Widgets (watchOS).appex */ = {isa = PBXFileReference; explicitFileType = "wrapper.app-extension"; includeInIndex = 0; path = "Widgets (watchOS).appex"; sourceTree = BUILT_PRODUCTS_DIR; };
		A3BC6ABC2DEA329A009186B4 /* StoreKit.framework */ = {isa = PBXFileReference; lastKnownFileType = wrapper.framework; name = StoreKit.framework; path = System/Library/Frameworks/StoreKit.framework; sourceTree = SDKROOT; };
		A3CD69042DBF745E00AB946D /* Morsel (iOS).app */ = {isa = PBXFileReference; explicitFileType = wrapper.application; includeInIndex = 0; path = "Morsel (iOS).app"; sourceTree = BUILT_PRODUCTS_DIR; };
		A3CD694C2DBF752B00AB946D /* Widgets (iOS).appex */ = {isa = PBXFileReference; explicitFileType = "wrapper.app-extension"; includeInIndex = 0; path = "Widgets (iOS).appex"; sourceTree = BUILT_PRODUCTS_DIR; };
		A3CD694E2DBF752B00AB946D /* WidgetKit.framework */ = {isa = PBXFileReference; lastKnownFileType = wrapper.framework; name = WidgetKit.framework; path = System/Library/Frameworks/WidgetKit.framework; sourceTree = SDKROOT; };
		A3CD69502DBF752B00AB946D /* SwiftUI.framework */ = {isa = PBXFileReference; lastKnownFileType = wrapper.framework; name = SwiftUI.framework; path = System/Library/Frameworks/SwiftUI.framework; sourceTree = SDKROOT; };
/* End PBXFileReference section */

/* Begin PBXFileSystemSynchronizedBuildFileExceptionSet section */
		A35989702E40ECED007679F3 /* Exceptions for "Fonts" folder in "Morsel (watchOS)" target */ = {
			isa = PBXFileSystemSynchronizedBuildFileExceptionSet;
			membershipExceptions = (
				"Quicksand-Bold.ttf",
				"Quicksand-Light.ttf",
				"Quicksand-Medium.ttf",
				"Quicksand-Regular.ttf",
				"Quicksand-SemiBold.ttf",
			);
			target = A35D3CD52DBFB0B100C4C166 /* Morsel (watchOS) */;
		};
		A35989712E40ECED007679F3 /* Exceptions for "Fonts" folder in "Widgets (iOS)" target */ = {
			isa = PBXFileSystemSynchronizedBuildFileExceptionSet;
			membershipExceptions = (
				"Quicksand-Bold.ttf",
				"Quicksand-Light.ttf",
				"Quicksand-Medium.ttf",
				"Quicksand-Regular.ttf",
				"Quicksand-SemiBold.ttf",
			);
			target = A3CD694B2DBF752B00AB946D /* Widgets (iOS) */;
		};
		A35989722E40ECED007679F3 /* Exceptions for "Fonts" folder in "Widgets (watchOS)" target */ = {
			isa = PBXFileSystemSynchronizedBuildFileExceptionSet;
			membershipExceptions = (
				"Quicksand-Bold.ttf",
				"Quicksand-Light.ttf",
				"Quicksand-Medium.ttf",
				"Quicksand-Regular.ttf",
				"Quicksand-SemiBold.ttf",
			);
			target = A3AE56992DC2731800608E0D /* Widgets (watchOS) */;
		};
		A384150C2DD097F700980E9E /* Exceptions for "iOS" folder in "Widgets (iOS)" target */ = {
			isa = PBXFileSystemSynchronizedBuildFileExceptionSet;
			membershipExceptions = (
				Managers/PhoneSessionManager.swift,
				Widgets/Assets.xcassets,
				Widgets/FoodEntrySnapshot.swift,
				Widgets/FoodEntryTimeline.swift,
				Widgets/FoodEntryWidget.swift,
				Widgets/FoodEntryWidgetBundle.swift,
				Widgets/FoodEntryWidgetView.swift,
				Widgets/Morsels/StaticMorsel.swift,
			);
			target = A3CD694B2DBF752B00AB946D /* Widgets (iOS) */;
		};
		A38415152DD097FF00980E9E /* Exceptions for "watchOS" folder in "Morsel (watchOS)" target */ = {
			isa = PBXFileSystemSynchronizedBuildFileExceptionSet;
			membershipExceptions = (
				Info.plist,
				Widgets/Assets.xcassets,
				Widgets/Info.plist,
				Widgets/Views/Circular.swift,
				Widgets/Views/Corner.swift,
				Widgets/Views/Inline.swift,
				Widgets/Views/Rectangular.swift,
				Widgets/WatchWidgets.swift,
			);
			target = A35D3CD52DBFB0B100C4C166 /* Morsel (watchOS) */;
		};
		A38415162DD097FF00980E9E /* Exceptions for "watchOS" folder in "Widgets (watchOS)" target */ = {
			isa = PBXFileSystemSynchronizedBuildFileExceptionSet;
			membershipExceptions = (
				Morsels/MonochromeMorsel.swift,
				Widgets/Assets.xcassets,
				Widgets/Views/Circular.swift,
				Widgets/Views/Corner.swift,
				Widgets/Views/Inline.swift,
				Widgets/Views/Rectangular.swift,
				Widgets/WatchWidgets.swift,
			);
			target = A3AE56992DC2731800608E0D /* Widgets (watchOS) */;
		};
		A3CD69272DBF745F00AB946D /* Exceptions for "iOS" folder in "Morsel (iOS)" target */ = {
			isa = PBXFileSystemSynchronizedBuildFileExceptionSet;
			membershipExceptions = (
				Info.plist,
				Widgets/Assets.xcassets,
				Widgets/FoodEntrySnapshot.swift,
				Widgets/FoodEntryTimeline.swift,
				Widgets/FoodEntryWidget.swift,
				Widgets/FoodEntryWidgetBundle.swift,
				Widgets/FoodEntryWidgetView.swift,
				Widgets/Info.plist,
				Widgets/Morsels/StaticMorsel.swift,
			);
			target = A3CD69032DBF745E00AB946D /* Morsel (iOS) */;
		};
/* End PBXFileSystemSynchronizedBuildFileExceptionSet section */

/* Begin PBXFileSystemSynchronizedRootGroup section */
		A329C3252E3F57FC001D158E /* iOSTests */ = {
			isa = PBXFileSystemSynchronizedRootGroup;
			path = iOSTests;
			sourceTree = "<group>";
		};
		A329C3322E3F5820001D158E /* watchOSTests */ = {
			isa = PBXFileSystemSynchronizedRootGroup;
			path = watchOSTests;
			sourceTree = "<group>";
		};
		A329C33F2E3F586A001D158E /* iOSUITests */ = {
			isa = PBXFileSystemSynchronizedRootGroup;
			path = iOSUITests;
			sourceTree = "<group>";
		};
		A329C34E2E3F587E001D158E /* watchOSUITests */ = {
			isa = PBXFileSystemSynchronizedRootGroup;
			path = watchOSUITests;
			sourceTree = "<group>";
		};
		A359895B2E40ECED007679F3 /* Fonts */ = {
			isa = PBXFileSystemSynchronizedRootGroup;
			exceptions = (
				A35989702E40ECED007679F3 /* Exceptions for "Fonts" folder in "Morsel (watchOS)" target */,
				A35989712E40ECED007679F3 /* Exceptions for "Fonts" folder in "Widgets (iOS)" target */,
				A35989722E40ECED007679F3 /* Exceptions for "Fonts" folder in "Widgets (watchOS)" target */,
			);
			path = Fonts;
			sourceTree = "<group>";
		};
		A35D3CD72DBFB0B100C4C166 /* watchOS */ = {
			isa = PBXFileSystemSynchronizedRootGroup;
			exceptions = (
				A38415152DD097FF00980E9E /* Exceptions for "watchOS" folder in "Morsel (watchOS)" target */,
				A38415162DD097FF00980E9E /* Exceptions for "watchOS" folder in "Widgets (watchOS)" target */,
			);
			path = watchOS;
			sourceTree = "<group>";
		};
		A3ABD73B2DFD635900910A48 /* Debug */ = {
			isa = PBXFileSystemSynchronizedRootGroup;
			path = Debug;
			sourceTree = "<group>";
		};
		A3CD69062DBF745E00AB946D /* iOS */ = {
			isa = PBXFileSystemSynchronizedRootGroup;
			exceptions = (
				A3CD69272DBF745F00AB946D /* Exceptions for "iOS" folder in "Morsel (iOS)" target */,
				A384150C2DD097F700980E9E /* Exceptions for "iOS" folder in "Widgets (iOS)" target */,
			);
			path = iOS;
			sourceTree = "<group>";
		};
/* End PBXFileSystemSynchronizedRootGroup section */

/* Begin PBXFrameworksBuildPhase section */
		A329C3212E3F57FC001D158E /* Frameworks */ = {
			isa = PBXFrameworksBuildPhase;
			buildActionMask = 2147483647;
			files = (
			);
			runOnlyForDeploymentPostprocessing = 0;
		};
		A329C32E2E3F5820001D158E /* Frameworks */ = {
			isa = PBXFrameworksBuildPhase;
			buildActionMask = 2147483647;
			files = (
			);
			runOnlyForDeploymentPostprocessing = 0;
		};
		A329C33B2E3F586A001D158E /* Frameworks */ = {
			isa = PBXFrameworksBuildPhase;
			buildActionMask = 2147483647;
			files = (
			);
			runOnlyForDeploymentPostprocessing = 0;
		};
		A329C34A2E3F587E001D158E /* Frameworks */ = {
			isa = PBXFrameworksBuildPhase;
			buildActionMask = 2147483647;
			files = (
			);
			runOnlyForDeploymentPostprocessing = 0;
		};
		A35D3CD32DBFB0B100C4C166 /* Frameworks */ = {
			isa = PBXFrameworksBuildPhase;
			buildActionMask = 2147483647;
			files = (
				A35984FE2E40CB1F007679F3 /* CoreMorsel in Frameworks */,
				A3647A8B2DCE2BA100A2F723 /* TelemetryDeck in Frameworks */,
				A35012E02DEDA31D00ACBA75 /* Sentry in Frameworks */,
			);
			runOnlyForDeploymentPostprocessing = 0;
		};
		A3AE56972DC2731800608E0D /* Frameworks */ = {
			isa = PBXFrameworksBuildPhase;
			buildActionMask = 2147483647;
			files = (
				A3AE569C2DC2731800608E0D /* SwiftUI.framework in Frameworks */,
				A3AE569B2DC2731800608E0D /* WidgetKit.framework in Frameworks */,
				BAF2A8FFFA3F45989944E0DD /* Sentry in Frameworks */,
				A35985022E40CB27007679F3 /* CoreMorsel in Frameworks */,
				A35012DC2DEDA31200ACBA75 /* TelemetryDeck in Frameworks */,
			);
			runOnlyForDeploymentPostprocessing = 0;
		};
		A3CD69012DBF745E00AB946D /* Frameworks */ = {
			isa = PBXFrameworksBuildPhase;
			buildActionMask = 2147483647;
			files = (
				A36479442DCC948200A2F723 /* TelemetryDeck in Frameworks */,
				A35984FC2E40CB1A007679F3 /* CoreMorsel in Frameworks */,
				A3BC6ABD2DEA329A009186B4 /* StoreKit.framework in Frameworks */,
				A3BC69BD2DE99932009186B4 /* Sentry in Frameworks */,
			);
			runOnlyForDeploymentPostprocessing = 0;
		};
		A3CD69492DBF752B00AB946D /* Frameworks */ = {
			isa = PBXFrameworksBuildPhase;
			buildActionMask = 2147483647;
			files = (
				A35012DE2DEDA31700ACBA75 /* Sentry in Frameworks */,
				A3CD69512DBF752B00AB946D /* SwiftUI.framework in Frameworks */,
				A3CD694F2DBF752B00AB946D /* WidgetKit.framework in Frameworks */,
				A35985002E40CB23007679F3 /* CoreMorsel in Frameworks */,
				A35012DA2DEDA30600ACBA75 /* TelemetryDeck in Frameworks */,
			);
			runOnlyForDeploymentPostprocessing = 0;
		};
/* End PBXFrameworksBuildPhase section */

/* Begin PBXGroup section */
		A3CD68FB2DBF745E00AB946D = {
			isa = PBXGroup;
			children = (
				A3CD69062DBF745E00AB946D /* iOS */,
				A329C3252E3F57FC001D158E /* iOSTests */,
				A329C33F2E3F586A001D158E /* iOSUITests */,
				A35D3CD72DBFB0B100C4C166 /* watchOS */,
				A329C3322E3F5820001D158E /* watchOSTests */,
				A329C34E2E3F587E001D158E /* watchOSUITests */,
				A3ABD73B2DFD635900910A48 /* Debug */,
				A359895B2E40ECED007679F3 /* Fonts */,
				A3CD694D2DBF752B00AB946D /* Frameworks */,
				A36333E82DC94B7500DD9ADA /* TODO.txt */,
				A35982712E40C068007679F3 /* Morsel.xctestplan */,
				A3CD69052DBF745E00AB946D /* Products */,
			);
			sourceTree = "<group>";
		};
		A3CD69052DBF745E00AB946D /* Products */ = {
			isa = PBXGroup;
			children = (
				A3CD69042DBF745E00AB946D /* Morsel (iOS).app */,
				A3CD694C2DBF752B00AB946D /* Widgets (iOS).appex */,
				A35D3CD62DBFB0B100C4C166 /* Morsel (watchOS).app */,
				A3AE569A2DC2731800608E0D /* Widgets (watchOS).appex */,
				A329C3242E3F57FC001D158E /* iOSTests.xctest */,
				A329C3312E3F5820001D158E /* watchOSTests.xctest */,
				A329C33E2E3F586A001D158E /* iOSUITests.xctest */,
				A329C34D2E3F587E001D158E /* watchOSUITests.xctest */,
			);
			name = Products;
			sourceTree = "<group>";
		};
		A3CD694D2DBF752B00AB946D /* Frameworks */ = {
			isa = PBXGroup;
			children = (
				A3BC6ABC2DEA329A009186B4 /* StoreKit.framework */,
				A3CD694E2DBF752B00AB946D /* WidgetKit.framework */,
				A3CD69502DBF752B00AB946D /* SwiftUI.framework */,
			);
			name = Frameworks;
			sourceTree = "<group>";
		};
/* End PBXGroup section */

/* Begin PBXNativeTarget section */
		A329C3232E3F57FC001D158E /* iOSTests */ = {
			isa = PBXNativeTarget;
			buildConfigurationList = A329C32A2E3F57FC001D158E /* Build configuration list for PBXNativeTarget "iOSTests" */;
			buildPhases = (
				A329C3202E3F57FC001D158E /* Sources */,
				A329C3212E3F57FC001D158E /* Frameworks */,
				A329C3222E3F57FC001D158E /* Resources */,
			);
			buildRules = (
			);
			dependencies = (
				A329C3292E3F57FC001D158E /* PBXTargetDependency */,
			);
			fileSystemSynchronizedGroups = (
				A329C3252E3F57FC001D158E /* iOSTests */,
			);
			name = iOSTests;
			packageProductDependencies = (
			);
			productName = iOSTests;
			productReference = A329C3242E3F57FC001D158E /* iOSTests.xctest */;
			productType = "com.apple.product-type.bundle.unit-test";
		};
		A329C3302E3F5820001D158E /* watchOSTests */ = {
			isa = PBXNativeTarget;
			buildConfigurationList = A329C3372E3F5820001D158E /* Build configuration list for PBXNativeTarget "watchOSTests" */;
			buildPhases = (
				A329C32D2E3F5820001D158E /* Sources */,
				A329C32E2E3F5820001D158E /* Frameworks */,
				A329C32F2E3F5820001D158E /* Resources */,
			);
			buildRules = (
			);
			dependencies = (
				A329C3362E3F5820001D158E /* PBXTargetDependency */,
			);
			fileSystemSynchronizedGroups = (
				A329C3322E3F5820001D158E /* watchOSTests */,
			);
			name = watchOSTests;
			packageProductDependencies = (
			);
			productName = watchOSTests;
			productReference = A329C3312E3F5820001D158E /* watchOSTests.xctest */;
			productType = "com.apple.product-type.bundle.unit-test";
		};
		A329C33D2E3F586A001D158E /* iOSUITests */ = {
			isa = PBXNativeTarget;
			buildConfigurationList = A329C3462E3F586A001D158E /* Build configuration list for PBXNativeTarget "iOSUITests" */;
			buildPhases = (
				A329C33A2E3F586A001D158E /* Sources */,
				A329C33B2E3F586A001D158E /* Frameworks */,
				A329C33C2E3F586A001D158E /* Resources */,
			);
			buildRules = (
			);
			dependencies = (
				A329C3452E3F586A001D158E /* PBXTargetDependency */,
			);
			fileSystemSynchronizedGroups = (
				A329C33F2E3F586A001D158E /* iOSUITests */,
			);
			name = iOSUITests;
			packageProductDependencies = (
			);
			productName = iOSUITests;
			productReference = A329C33E2E3F586A001D158E /* iOSUITests.xctest */;
			productType = "com.apple.product-type.bundle.ui-testing";
		};
		A329C34C2E3F587E001D158E /* watchOSUITests */ = {
			isa = PBXNativeTarget;
			buildConfigurationList = A329C3552E3F587E001D158E /* Build configuration list for PBXNativeTarget "watchOSUITests" */;
			buildPhases = (
				A329C3492E3F587E001D158E /* Sources */,
				A329C34A2E3F587E001D158E /* Frameworks */,
				A329C34B2E3F587E001D158E /* Resources */,
			);
			buildRules = (
			);
			dependencies = (
				A329C3542E3F587E001D158E /* PBXTargetDependency */,
			);
			fileSystemSynchronizedGroups = (
				A329C34E2E3F587E001D158E /* watchOSUITests */,
			);
			name = watchOSUITests;
			packageProductDependencies = (
			);
			productName = watchOSUITests;
			productReference = A329C34D2E3F587E001D158E /* watchOSUITests.xctest */;
			productType = "com.apple.product-type.bundle.ui-testing";
		};
		A35D3CD52DBFB0B100C4C166 /* Morsel (watchOS) */ = {
			isa = PBXNativeTarget;
			buildConfigurationList = A35D3CFE2DBFB0B300C4C166 /* Build configuration list for PBXNativeTarget "Morsel (watchOS)" */;
			buildPhases = (
				A35D3CD22DBFB0B100C4C166 /* Sources */,
				A35D3CD32DBFB0B100C4C166 /* Frameworks */,
				A35D3CD42DBFB0B100C4C166 /* Resources */,
				A3AE56AC2DC2731A00608E0D /* Embed Foundation Extensions */,
			);
			buildRules = (
			);
			dependencies = (
				A3AE56A62DC2731A00608E0D /* PBXTargetDependency */,
			);
			fileSystemSynchronizedGroups = (
				A35D3CD72DBFB0B100C4C166 /* watchOS */,
			);
			name = "Morsel (watchOS)";
			packageProductDependencies = (
				A3647A8A2DCE2BA100A2F723 /* TelemetryDeck */,
				A35012DF2DEDA31D00ACBA75 /* Sentry */,
				A35984FD2E40CB1F007679F3 /* CoreMorsel */,
			);
			productName = "WristMorsel Watch App";
			productReference = A35D3CD62DBFB0B100C4C166 /* Morsel (watchOS).app */;
			productType = "com.apple.product-type.application";
		};
		A3AE56992DC2731800608E0D /* Widgets (watchOS) */ = {
			isa = PBXNativeTarget;
			buildConfigurationList = A3AE56A82DC2731A00608E0D /* Build configuration list for PBXNativeTarget "Widgets (watchOS)" */;
			buildPhases = (
				A3AE56962DC2731800608E0D /* Sources */,
				A3AE56972DC2731800608E0D /* Frameworks */,
				A3AE56982DC2731800608E0D /* Resources */,
			);
			buildRules = (
			);
			dependencies = (
			);
			name = "Widgets (watchOS)";
			packageProductDependencies = (
				A35012DB2DEDA31200ACBA75 /* TelemetryDeck */,
				A35985012E40CB27007679F3 /* CoreMorsel */,
			);
			productName = WatchWidgetsExtension;
			productReference = A3AE569A2DC2731800608E0D /* Widgets (watchOS).appex */;
			productType = "com.apple.product-type.app-extension";
		};
		A3CD69032DBF745E00AB946D /* Morsel (iOS) */ = {
			isa = PBXNativeTarget;
			buildConfigurationList = A3CD69282DBF745F00AB946D /* Build configuration list for PBXNativeTarget "Morsel (iOS)" */;
			buildPhases = (
				A3CD69002DBF745E00AB946D /* Sources */,
				A3CD69012DBF745E00AB946D /* Frameworks */,
				A3CD69022DBF745E00AB946D /* Resources */,
				A3CD69652DBF752D00AB946D /* Embed Foundation Extensions */,
				A35D3CF72DBFB0B300C4C166 /* Embed Watch Content */,
				28E518E4DF4A4C3C8006E14A /* Upload Debug Symbols to Sentry */,
			);
			buildRules = (
			);
			dependencies = (
				A3CD695F2DBF752D00AB946D /* PBXTargetDependency */,
				A35D3CF52DBFB0B300C4C166 /* PBXTargetDependency */,
			);
			fileSystemSynchronizedGroups = (
				A359895B2E40ECED007679F3 /* Fonts */,
				A3ABD73B2DFD635900910A48 /* Debug */,
				A3CD69062DBF745E00AB946D /* iOS */,
			);
			name = "Morsel (iOS)";
			packageProductDependencies = (
				A36479432DCC948200A2F723 /* TelemetryDeck */,
				FAC31114A76142BEAB120BFC /* Sentry */,
				A35984FB2E40CB1A007679F3 /* CoreMorsel */,
			);
			productName = Morsel;
			productReference = A3CD69042DBF745E00AB946D /* Morsel (iOS).app */;
			productType = "com.apple.product-type.application";
		};
		A3CD694B2DBF752B00AB946D /* Widgets (iOS) */ = {
			isa = PBXNativeTarget;
			buildConfigurationList = A3CD69612DBF752D00AB946D /* Build configuration list for PBXNativeTarget "Widgets (iOS)" */;
			buildPhases = (
				A3CD69482DBF752B00AB946D /* Sources */,
				A3CD69492DBF752B00AB946D /* Frameworks */,
				A3CD694A2DBF752B00AB946D /* Resources */,
			);
			buildRules = (
			);
			dependencies = (
			);
			name = "Widgets (iOS)";
			packageProductDependencies = (
				A35012D92DEDA30600ACBA75 /* TelemetryDeck */,
				A35012DD2DEDA31700ACBA75 /* Sentry */,
				A35984FF2E40CB23007679F3 /* CoreMorsel */,
			);
			productName = FoodEntryWidgetExtension;
			productReference = A3CD694C2DBF752B00AB946D /* Widgets (iOS).appex */;
			productType = "com.apple.product-type.app-extension";
		};
/* End PBXNativeTarget section */

/* Begin PBXProject section */
		A3CD68FC2DBF745E00AB946D /* Project object */ = {
			isa = PBXProject;
			attributes = {
				BuildIndependentTargetsInParallel = 1;
				LastSwiftUpdateCheck = 2600;
				LastUpgradeCheck = 1630;
				TargetAttributes = {
					A329C3232E3F57FC001D158E = {
						CreatedOnToolsVersion = 26.0;
						TestTargetID = A3CD69032DBF745E00AB946D;
					};
					A329C3302E3F5820001D158E = {
						CreatedOnToolsVersion = 26.0;
						TestTargetID = A35D3CD52DBFB0B100C4C166;
					};
					A329C33D2E3F586A001D158E = {
						CreatedOnToolsVersion = 26.0;
						TestTargetID = A3CD69032DBF745E00AB946D;
					};
					A329C34C2E3F587E001D158E = {
						CreatedOnToolsVersion = 26.0;
						TestTargetID = A35D3CD52DBFB0B100C4C166;
					};
					A35D3CD52DBFB0B100C4C166 = {
						CreatedOnToolsVersion = 16.3;
					};
					A3AE56992DC2731800608E0D = {
						CreatedOnToolsVersion = 16.3;
					};
					A3CD69032DBF745E00AB946D = {
						CreatedOnToolsVersion = 16.3;
					};
					A3CD694B2DBF752B00AB946D = {
						CreatedOnToolsVersion = 16.3;
					};
				};
			};
			buildConfigurationList = A3CD68FF2DBF745E00AB946D /* Build configuration list for PBXProject "Morsel" */;
			developmentRegion = en;
			hasScannedForEncodings = 0;
			knownRegions = (
				en,
				Base,
			);
			mainGroup = A3CD68FB2DBF745E00AB946D;
			minimizedProjectReferenceProxies = 1;
			packageReferences = (
				A36479422DCC948200A2F723 /* XCRemoteSwiftPackageReference "SwiftSDK" */,
				3AC676223C5A44F9A7D439F4 /* XCRemoteSwiftPackageReference "sentry-cocoa" */,
			);
			preferredProjectObjectVersion = 77;
			productRefGroup = A3CD69052DBF745E00AB946D /* Products */;
			projectDirPath = "";
			projectRoot = "";
			targets = (
				A3CD69032DBF745E00AB946D /* Morsel (iOS) */,
				A35D3CD52DBFB0B100C4C166 /* Morsel (watchOS) */,
				A3CD694B2DBF752B00AB946D /* Widgets (iOS) */,
				A3AE56992DC2731800608E0D /* Widgets (watchOS) */,
				A329C3232E3F57FC001D158E /* iOSTests */,
				A329C3302E3F5820001D158E /* watchOSTests */,
				A329C33D2E3F586A001D158E /* iOSUITests */,
				A329C34C2E3F587E001D158E /* watchOSUITests */,
			);
		};
/* End PBXProject section */

/* Begin PBXResourcesBuildPhase section */
		A329C3222E3F57FC001D158E /* Resources */ = {
			isa = PBXResourcesBuildPhase;
			buildActionMask = 2147483647;
			files = (
			);
			runOnlyForDeploymentPostprocessing = 0;
		};
		A329C32F2E3F5820001D158E /* Resources */ = {
			isa = PBXResourcesBuildPhase;
			buildActionMask = 2147483647;
			files = (
			);
			runOnlyForDeploymentPostprocessing = 0;
		};
		A329C33C2E3F586A001D158E /* Resources */ = {
			isa = PBXResourcesBuildPhase;
			buildActionMask = 2147483647;
			files = (
			);
			runOnlyForDeploymentPostprocessing = 0;
		};
		A329C34B2E3F587E001D158E /* Resources */ = {
			isa = PBXResourcesBuildPhase;
			buildActionMask = 2147483647;
			files = (
			);
			runOnlyForDeploymentPostprocessing = 0;
		};
		A35D3CD42DBFB0B100C4C166 /* Resources */ = {
			isa = PBXResourcesBuildPhase;
			buildActionMask = 2147483647;
			files = (
			);
			runOnlyForDeploymentPostprocessing = 0;
		};
		A3AE56982DC2731800608E0D /* Resources */ = {
			isa = PBXResourcesBuildPhase;
			buildActionMask = 2147483647;
			files = (
			);
			runOnlyForDeploymentPostprocessing = 0;
		};
		A3CD69022DBF745E00AB946D /* Resources */ = {
			isa = PBXResourcesBuildPhase;
			buildActionMask = 2147483647;
			files = (
				A35982722E40C068007679F3 /* Morsel.xctestplan in Resources */,
			);
			runOnlyForDeploymentPostprocessing = 0;
		};
		A3CD694A2DBF752B00AB946D /* Resources */ = {
			isa = PBXResourcesBuildPhase;
			buildActionMask = 2147483647;
			files = (
			);
			runOnlyForDeploymentPostprocessing = 0;
		};
/* End PBXResourcesBuildPhase section */

/* Begin PBXShellScriptBuildPhase section */
		28E518E4DF4A4C3C8006E14A /* Upload Debug Symbols to Sentry */ = {
			isa = PBXShellScriptBuildPhase;
			buildActionMask = 2147483647;
			files = (
			);
			inputPaths = (
				"${DWARF_DSYM_FOLDER_PATH}/${DWARF_DSYM_FILE_NAME}/Contents/Resources/DWARF/${TARGET_NAME}",
			);
			name = "Upload Debug Symbols to Sentry";
			outputPaths = (
			);
			runOnlyForDeploymentPostprocessing = 0;
			shellPath = /bin/sh;
			shellScript = "# This script is responsible for uploading debug symbols and source context for Sentry.\nif which sentry-cli >/dev/null; then\nexport SENTRY_ORG=luke-charman\nexport SENTRY_PROJECT=morsel\nERROR=$(sentry-cli debug-files upload --include-sources \"$DWARF_DSYM_FOLDER_PATH\" 2>&1 >/dev/null)\nif [ ! $? -eq 0 ]; then\necho \"warning: sentry-cli - $ERROR\"\nfi\nelse\necho \"warning: sentry-cli not installed, download from https://github.com/getsentry/sentry-cli/releases\"\nfi\n";
		};
/* End PBXShellScriptBuildPhase section */

/* Begin PBXSourcesBuildPhase section */
		A329C3202E3F57FC001D158E /* Sources */ = {
			isa = PBXSourcesBuildPhase;
			buildActionMask = 2147483647;
			files = (
			);
			runOnlyForDeploymentPostprocessing = 0;
		};
		A329C32D2E3F5820001D158E /* Sources */ = {
			isa = PBXSourcesBuildPhase;
			buildActionMask = 2147483647;
			files = (
			);
			runOnlyForDeploymentPostprocessing = 0;
		};
		A329C33A2E3F586A001D158E /* Sources */ = {
			isa = PBXSourcesBuildPhase;
			buildActionMask = 2147483647;
			files = (
			);
			runOnlyForDeploymentPostprocessing = 0;
		};
		A329C3492E3F587E001D158E /* Sources */ = {
			isa = PBXSourcesBuildPhase;
			buildActionMask = 2147483647;
			files = (
			);
			runOnlyForDeploymentPostprocessing = 0;
		};
		A35D3CD22DBFB0B100C4C166 /* Sources */ = {
			isa = PBXSourcesBuildPhase;
			buildActionMask = 2147483647;
			files = (
			);
			runOnlyForDeploymentPostprocessing = 0;
		};
		A3AE56962DC2731800608E0D /* Sources */ = {
			isa = PBXSourcesBuildPhase;
			buildActionMask = 2147483647;
			files = (
			);
			runOnlyForDeploymentPostprocessing = 0;
		};
		A3CD69002DBF745E00AB946D /* Sources */ = {
			isa = PBXSourcesBuildPhase;
			buildActionMask = 2147483647;
			files = (
				A36333E92DC94B7500DD9ADA /* TODO.txt in Sources */,
			);
			runOnlyForDeploymentPostprocessing = 0;
		};
		A3CD69482DBF752B00AB946D /* Sources */ = {
			isa = PBXSourcesBuildPhase;
			buildActionMask = 2147483647;
			files = (
			);
			runOnlyForDeploymentPostprocessing = 0;
		};
/* End PBXSourcesBuildPhase section */

/* Begin PBXTargetDependency section */
		A329C3292E3F57FC001D158E /* PBXTargetDependency */ = {
			isa = PBXTargetDependency;
			target = A3CD69032DBF745E00AB946D /* Morsel (iOS) */;
			targetProxy = A329C3282E3F57FC001D158E /* PBXContainerItemProxy */;
		};
		A329C3362E3F5820001D158E /* PBXTargetDependency */ = {
			isa = PBXTargetDependency;
			target = A35D3CD52DBFB0B100C4C166 /* Morsel (watchOS) */;
			targetProxy = A329C3352E3F5820001D158E /* PBXContainerItemProxy */;
		};
		A329C3452E3F586A001D158E /* PBXTargetDependency */ = {
			isa = PBXTargetDependency;
			target = A3CD69032DBF745E00AB946D /* Morsel (iOS) */;
			targetProxy = A329C3442E3F586A001D158E /* PBXContainerItemProxy */;
		};
		A329C3542E3F587E001D158E /* PBXTargetDependency */ = {
			isa = PBXTargetDependency;
			target = A35D3CD52DBFB0B100C4C166 /* Morsel (watchOS) */;
			targetProxy = A329C3532E3F587E001D158E /* PBXContainerItemProxy */;
		};
		A35D3CF52DBFB0B300C4C166 /* PBXTargetDependency */ = {
			isa = PBXTargetDependency;
			target = A35D3CD52DBFB0B100C4C166 /* Morsel (watchOS) */;
			targetProxy = A35D3CF42DBFB0B300C4C166 /* PBXContainerItemProxy */;
		};
		A3AE56A62DC2731A00608E0D /* PBXTargetDependency */ = {
			isa = PBXTargetDependency;
			target = A3AE56992DC2731800608E0D /* Widgets (watchOS) */;
			targetProxy = A3AE56A52DC2731A00608E0D /* PBXContainerItemProxy */;
		};
		A3CD695F2DBF752D00AB946D /* PBXTargetDependency */ = {
			isa = PBXTargetDependency;
			target = A3CD694B2DBF752B00AB946D /* Widgets (iOS) */;
			targetProxy = A3CD695E2DBF752D00AB946D /* PBXContainerItemProxy */;
		};
/* End PBXTargetDependency section */

/* Begin XCBuildConfiguration section */
		A329C32B2E3F57FC001D158E /* Debug */ = {
			isa = XCBuildConfiguration;
			buildSettings = {
				BUNDLE_LOADER = "$(TEST_HOST)";
				CODE_SIGN_STYLE = Automatic;
				CURRENT_PROJECT_VERSION = 1;
				DEVELOPMENT_TEAM = 82DGSFCWSX;
				GENERATE_INFOPLIST_FILE = YES;
				IPHONEOS_DEPLOYMENT_TARGET = 26.0;
				MARKETING_VERSION = 1.0;
				PRODUCT_BUNDLE_IDENTIFIER = com.lukecharman.iOSTests;
				PRODUCT_NAME = "$(TARGET_NAME)";
				STRING_CATALOG_GENERATE_SYMBOLS = NO;
				SWIFT_APPROACHABLE_CONCURRENCY = YES;
				SWIFT_EMIT_LOC_STRINGS = NO;
				SWIFT_UPCOMING_FEATURE_MEMBER_IMPORT_VISIBILITY = YES;
				SWIFT_VERSION = 5.0;
				TARGETED_DEVICE_FAMILY = "1,2";
				TEST_HOST = "$(BUILT_PRODUCTS_DIR)/Morsel (iOS).app/$(BUNDLE_EXECUTABLE_FOLDER_PATH)/Morsel (iOS)";
			};
			name = Debug;
		};
		A329C32C2E3F57FC001D158E /* Release */ = {
			isa = XCBuildConfiguration;
			buildSettings = {
				BUNDLE_LOADER = "$(TEST_HOST)";
				CODE_SIGN_STYLE = Automatic;
				CURRENT_PROJECT_VERSION = 1;
				DEVELOPMENT_TEAM = 82DGSFCWSX;
				GENERATE_INFOPLIST_FILE = YES;
				IPHONEOS_DEPLOYMENT_TARGET = 26.0;
				MARKETING_VERSION = 1.0;
				PRODUCT_BUNDLE_IDENTIFIER = com.lukecharman.iOSTests;
				PRODUCT_NAME = "$(TARGET_NAME)";
				STRING_CATALOG_GENERATE_SYMBOLS = NO;
				SWIFT_APPROACHABLE_CONCURRENCY = YES;
				SWIFT_EMIT_LOC_STRINGS = NO;
				SWIFT_UPCOMING_FEATURE_MEMBER_IMPORT_VISIBILITY = YES;
				SWIFT_VERSION = 5.0;
				TARGETED_DEVICE_FAMILY = "1,2";
				TEST_HOST = "$(BUILT_PRODUCTS_DIR)/Morsel (iOS).app/$(BUNDLE_EXECUTABLE_FOLDER_PATH)/Morsel (iOS)";
			};
			name = Release;
		};
		A329C3382E3F5820001D158E /* Debug */ = {
			isa = XCBuildConfiguration;
			buildSettings = {
				BUNDLE_LOADER = "$(TEST_HOST)";
				CODE_SIGN_STYLE = Automatic;
				CURRENT_PROJECT_VERSION = 1;
				DEVELOPMENT_TEAM = 82DGSFCWSX;
				GENERATE_INFOPLIST_FILE = YES;
				MARKETING_VERSION = 1.0;
				PRODUCT_BUNDLE_IDENTIFIER = com.lukecharman.watchOSTests;
				PRODUCT_NAME = "$(TARGET_NAME)";
				SDKROOT = watchos;
				STRING_CATALOG_GENERATE_SYMBOLS = NO;
				SWIFT_APPROACHABLE_CONCURRENCY = YES;
				SWIFT_EMIT_LOC_STRINGS = NO;
				SWIFT_UPCOMING_FEATURE_MEMBER_IMPORT_VISIBILITY = YES;
				SWIFT_VERSION = 5.0;
				TARGETED_DEVICE_FAMILY = 4;
				TEST_HOST = "$(BUILT_PRODUCTS_DIR)/Morsel (watchOS).app/$(BUNDLE_EXECUTABLE_FOLDER_PATH)/Morsel (watchOS)";
				WATCHOS_DEPLOYMENT_TARGET = 26.0;
			};
			name = Debug;
		};
		A329C3392E3F5820001D158E /* Release */ = {
			isa = XCBuildConfiguration;
			buildSettings = {
				BUNDLE_LOADER = "$(TEST_HOST)";
				CODE_SIGN_STYLE = Automatic;
				CURRENT_PROJECT_VERSION = 1;
				DEVELOPMENT_TEAM = 82DGSFCWSX;
				GENERATE_INFOPLIST_FILE = YES;
				MARKETING_VERSION = 1.0;
				PRODUCT_BUNDLE_IDENTIFIER = com.lukecharman.watchOSTests;
				PRODUCT_NAME = "$(TARGET_NAME)";
				SDKROOT = watchos;
				STRING_CATALOG_GENERATE_SYMBOLS = NO;
				SWIFT_APPROACHABLE_CONCURRENCY = YES;
				SWIFT_EMIT_LOC_STRINGS = NO;
				SWIFT_UPCOMING_FEATURE_MEMBER_IMPORT_VISIBILITY = YES;
				SWIFT_VERSION = 5.0;
				TARGETED_DEVICE_FAMILY = 4;
				TEST_HOST = "$(BUILT_PRODUCTS_DIR)/Morsel (watchOS).app/$(BUNDLE_EXECUTABLE_FOLDER_PATH)/Morsel (watchOS)";
				WATCHOS_DEPLOYMENT_TARGET = 26.0;
			};
			name = Release;
		};
		A329C3472E3F586A001D158E /* Debug */ = {
			isa = XCBuildConfiguration;
			buildSettings = {
				CODE_SIGN_STYLE = Automatic;
				CURRENT_PROJECT_VERSION = 1;
				DEVELOPMENT_TEAM = 82DGSFCWSX;
				GENERATE_INFOPLIST_FILE = YES;
				IPHONEOS_DEPLOYMENT_TARGET = 26.0;
				MARKETING_VERSION = 1.0;
				PRODUCT_BUNDLE_IDENTIFIER = com.lukecharman.iOSUITests;
				PRODUCT_NAME = "$(TARGET_NAME)";
				STRING_CATALOG_GENERATE_SYMBOLS = NO;
				SWIFT_APPROACHABLE_CONCURRENCY = YES;
				SWIFT_EMIT_LOC_STRINGS = NO;
				SWIFT_UPCOMING_FEATURE_MEMBER_IMPORT_VISIBILITY = YES;
				SWIFT_VERSION = 5.0;
				TARGETED_DEVICE_FAMILY = "1,2";
				TEST_TARGET_NAME = "Morsel (iOS)";
			};
			name = Debug;
		};
		A329C3482E3F586A001D158E /* Release */ = {
			isa = XCBuildConfiguration;
			buildSettings = {
				CODE_SIGN_STYLE = Automatic;
				CURRENT_PROJECT_VERSION = 1;
				DEVELOPMENT_TEAM = 82DGSFCWSX;
				GENERATE_INFOPLIST_FILE = YES;
				IPHONEOS_DEPLOYMENT_TARGET = 26.0;
				MARKETING_VERSION = 1.0;
				PRODUCT_BUNDLE_IDENTIFIER = com.lukecharman.iOSUITests;
				PRODUCT_NAME = "$(TARGET_NAME)";
				STRING_CATALOG_GENERATE_SYMBOLS = NO;
				SWIFT_APPROACHABLE_CONCURRENCY = YES;
				SWIFT_EMIT_LOC_STRINGS = NO;
				SWIFT_UPCOMING_FEATURE_MEMBER_IMPORT_VISIBILITY = YES;
				SWIFT_VERSION = 5.0;
				TARGETED_DEVICE_FAMILY = "1,2";
				TEST_TARGET_NAME = "Morsel (iOS)";
			};
			name = Release;
		};
		A329C3562E3F587E001D158E /* Debug */ = {
			isa = XCBuildConfiguration;
			buildSettings = {
				CODE_SIGN_STYLE = Automatic;
				CURRENT_PROJECT_VERSION = 1;
				DEVELOPMENT_TEAM = 82DGSFCWSX;
				GENERATE_INFOPLIST_FILE = YES;
				MARKETING_VERSION = 1.0;
				PRODUCT_BUNDLE_IDENTIFIER = com.lukecharman.watchOSUITests;
				PRODUCT_NAME = "$(TARGET_NAME)";
				SDKROOT = watchos;
				STRING_CATALOG_GENERATE_SYMBOLS = NO;
				SWIFT_APPROACHABLE_CONCURRENCY = YES;
				SWIFT_EMIT_LOC_STRINGS = NO;
				SWIFT_UPCOMING_FEATURE_MEMBER_IMPORT_VISIBILITY = YES;
				SWIFT_VERSION = 5.0;
				TARGETED_DEVICE_FAMILY = 4;
				TEST_TARGET_NAME = "Morsel (watchOS)";
				WATCHOS_DEPLOYMENT_TARGET = 26.0;
			};
			name = Debug;
		};
		A329C3572E3F587E001D158E /* Release */ = {
			isa = XCBuildConfiguration;
			buildSettings = {
				CODE_SIGN_STYLE = Automatic;
				CURRENT_PROJECT_VERSION = 1;
				DEVELOPMENT_TEAM = 82DGSFCWSX;
				GENERATE_INFOPLIST_FILE = YES;
				MARKETING_VERSION = 1.0;
				PRODUCT_BUNDLE_IDENTIFIER = com.lukecharman.watchOSUITests;
				PRODUCT_NAME = "$(TARGET_NAME)";
				SDKROOT = watchos;
				STRING_CATALOG_GENERATE_SYMBOLS = NO;
				SWIFT_APPROACHABLE_CONCURRENCY = YES;
				SWIFT_EMIT_LOC_STRINGS = NO;
				SWIFT_UPCOMING_FEATURE_MEMBER_IMPORT_VISIBILITY = YES;
				SWIFT_VERSION = 5.0;
				TARGETED_DEVICE_FAMILY = 4;
				TEST_TARGET_NAME = "Morsel (watchOS)";
				WATCHOS_DEPLOYMENT_TARGET = 26.0;
			};
			name = Release;
		};
		A35D3CF82DBFB0B300C4C166 /* Debug */ = {
			isa = XCBuildConfiguration;
			buildSettings = {
				ASSETCATALOG_COMPILER_APPICON_NAME = AppIcon;
				ASSETCATALOG_COMPILER_GLOBAL_ACCENT_COLOR_NAME = AccentColor;
				CODE_SIGN_ENTITLEMENTS = "watchOS/Morsel watchOS.entitlements";
				CODE_SIGN_STYLE = Automatic;
				CURRENT_PROJECT_VERSION = 1;
				DEVELOPMENT_TEAM = 82DGSFCWSX;
				ENABLE_PREVIEWS = YES;
				GENERATE_INFOPLIST_FILE = YES;
				INFOPLIST_FILE = watchOS/Info.plist;
				INFOPLIST_KEY_CFBundleDisplayName = Morsel;
				INFOPLIST_KEY_UISupportedInterfaceOrientations = "UIInterfaceOrientationPortrait UIInterfaceOrientationPortraitUpsideDown";
				INFOPLIST_KEY_WKCompanionAppBundleIdentifier = com.lukecharman.morsels;
				LD_RUNPATH_SEARCH_PATHS = (
					"$(inherited)",
					"@executable_path/Frameworks",
				);
				MARKETING_VERSION = 1.0;
				PRODUCT_BUNDLE_IDENTIFIER = com.lukecharman.morsels.watch;
				PRODUCT_NAME = "$(TARGET_NAME)";
				SDKROOT = watchos;
				SKIP_INSTALL = YES;
				SWIFT_EMIT_LOC_STRINGS = YES;
				SWIFT_VERSION = 5.0;
				TARGETED_DEVICE_FAMILY = 4;
				WATCHOS_DEPLOYMENT_TARGET = 11;
			};
			name = Debug;
		};
		A35D3CF92DBFB0B300C4C166 /* Release */ = {
			isa = XCBuildConfiguration;
			buildSettings = {
				ASSETCATALOG_COMPILER_APPICON_NAME = AppIcon;
				ASSETCATALOG_COMPILER_GLOBAL_ACCENT_COLOR_NAME = AccentColor;
				CODE_SIGN_ENTITLEMENTS = "watchOS/Morsel watchOS.entitlements";
				CODE_SIGN_STYLE = Automatic;
				CURRENT_PROJECT_VERSION = 1;
				DEVELOPMENT_TEAM = 82DGSFCWSX;
				ENABLE_PREVIEWS = YES;
				GENERATE_INFOPLIST_FILE = YES;
				INFOPLIST_FILE = watchOS/Info.plist;
				INFOPLIST_KEY_CFBundleDisplayName = Morsel;
				INFOPLIST_KEY_UISupportedInterfaceOrientations = "UIInterfaceOrientationPortrait UIInterfaceOrientationPortraitUpsideDown";
				INFOPLIST_KEY_WKCompanionAppBundleIdentifier = com.lukecharman.morsels;
				LD_RUNPATH_SEARCH_PATHS = (
					"$(inherited)",
					"@executable_path/Frameworks",
				);
				MARKETING_VERSION = 1.0;
				PRODUCT_BUNDLE_IDENTIFIER = com.lukecharman.morsels.watch;
				PRODUCT_NAME = "$(TARGET_NAME)";
				SDKROOT = watchos;
				SKIP_INSTALL = YES;
				SWIFT_EMIT_LOC_STRINGS = YES;
				SWIFT_VERSION = 5.0;
				TARGETED_DEVICE_FAMILY = 4;
				WATCHOS_DEPLOYMENT_TARGET = 11;
			};
			name = Release;
		};
		A3AE56A92DC2731A00608E0D /* Debug */ = {
			isa = XCBuildConfiguration;
			buildSettings = {
				ASSETCATALOG_COMPILER_GLOBAL_ACCENT_COLOR_NAME = AccentColor;
				ASSETCATALOG_COMPILER_WIDGET_BACKGROUND_COLOR_NAME = WidgetBackground;
				CODE_SIGN_ENTITLEMENTS = "watchOS/Widgets/Morsel watchOS Widgets.entitlements";
				CODE_SIGN_STYLE = Automatic;
				CURRENT_PROJECT_VERSION = 1;
				DEVELOPMENT_TEAM = 82DGSFCWSX;
				GENERATE_INFOPLIST_FILE = YES;
				INFOPLIST_FILE = watchOS/Widgets/Info.plist;
				INFOPLIST_KEY_CFBundleDisplayName = Morsel;
				INFOPLIST_KEY_NSHumanReadableCopyright = "";
				LD_RUNPATH_SEARCH_PATHS = (
					"$(inherited)",
					"@executable_path/Frameworks",
					"@executable_path/../../Frameworks",
					"@executable_path/../../../../Frameworks",
				);
				MARKETING_VERSION = 1.0;
				PRODUCT_BUNDLE_IDENTIFIER = com.lukecharman.morsels.watch.WatchWidgets;
				PRODUCT_NAME = "$(TARGET_NAME)";
				SDKROOT = watchos;
				SKIP_INSTALL = YES;
				SWIFT_EMIT_LOC_STRINGS = YES;
				SWIFT_VERSION = 5.0;
				TARGETED_DEVICE_FAMILY = 4;
				WATCHOS_DEPLOYMENT_TARGET = 11;
			};
			name = Debug;
		};
		A3AE56AA2DC2731A00608E0D /* Release */ = {
			isa = XCBuildConfiguration;
			buildSettings = {
				ASSETCATALOG_COMPILER_GLOBAL_ACCENT_COLOR_NAME = AccentColor;
				ASSETCATALOG_COMPILER_WIDGET_BACKGROUND_COLOR_NAME = WidgetBackground;
				CODE_SIGN_ENTITLEMENTS = "watchOS/Widgets/Morsel watchOS Widgets.entitlements";
				CODE_SIGN_STYLE = Automatic;
				CURRENT_PROJECT_VERSION = 1;
				DEVELOPMENT_TEAM = 82DGSFCWSX;
				GENERATE_INFOPLIST_FILE = YES;
				INFOPLIST_FILE = watchOS/Widgets/Info.plist;
				INFOPLIST_KEY_CFBundleDisplayName = Morsel;
				INFOPLIST_KEY_NSHumanReadableCopyright = "";
				LD_RUNPATH_SEARCH_PATHS = (
					"$(inherited)",
					"@executable_path/Frameworks",
					"@executable_path/../../Frameworks",
					"@executable_path/../../../../Frameworks",
				);
				MARKETING_VERSION = 1.0;
				PRODUCT_BUNDLE_IDENTIFIER = com.lukecharman.morsels.watch.WatchWidgets;
				PRODUCT_NAME = "$(TARGET_NAME)";
				SDKROOT = watchos;
				SKIP_INSTALL = YES;
				SWIFT_EMIT_LOC_STRINGS = YES;
				SWIFT_VERSION = 5.0;
				TARGETED_DEVICE_FAMILY = 4;
				WATCHOS_DEPLOYMENT_TARGET = 11;
			};
			name = Release;
		};
		A3CD69292DBF745F00AB946D /* Debug */ = {
			isa = XCBuildConfiguration;
			buildSettings = {
				ASSETCATALOG_COMPILER_APPICON_NAME = Blue;
				ASSETCATALOG_COMPILER_GLOBAL_ACCENT_COLOR_NAME = AccentColor;
				ASSETCATALOG_COMPILER_INCLUDE_ALL_APPICON_ASSETS = YES;
				CODE_SIGN_ENTITLEMENTS = "iOS/Morsel iOS.entitlements";
				CODE_SIGN_STYLE = Automatic;
				CURRENT_PROJECT_VERSION = 1;
				DEBUG_INFORMATION_FORMAT = "dwarf-with-dsym";
				DEVELOPMENT_TEAM = 82DGSFCWSX;
				ENABLE_PREVIEWS = YES;
				ENABLE_USER_SCRIPT_SANDBOXING = NO;
				GENERATE_INFOPLIST_FILE = YES;
				INFOPLIST_FILE = iOS/Info.plist;
				INFOPLIST_KEY_CFBundleDisplayName = Morsel;
				INFOPLIST_KEY_UIApplicationSceneManifest_Generation = YES;
				INFOPLIST_KEY_UIApplicationSupportsIndirectInputEvents = YES;
				INFOPLIST_KEY_UILaunchScreen_Generation = YES;
				INFOPLIST_KEY_UISupportedInterfaceOrientations_iPad = "UIInterfaceOrientationPortrait UIInterfaceOrientationPortraitUpsideDown UIInterfaceOrientationLandscapeLeft UIInterfaceOrientationLandscapeRight";
				INFOPLIST_KEY_UISupportedInterfaceOrientations_iPhone = "UIInterfaceOrientationPortrait UIInterfaceOrientationLandscapeLeft UIInterfaceOrientationLandscapeRight";
				IPHONEOS_DEPLOYMENT_TARGET = 18;
				LD_RUNPATH_SEARCH_PATHS = (
					"$(inherited)",
					"@executable_path/Frameworks",
				);
				MARKETING_VERSION = 1.0;
				PRODUCT_BUNDLE_IDENTIFIER = com.lukecharman.morsels;
				PRODUCT_NAME = "$(TARGET_NAME)";
				SUPPORTED_PLATFORMS = "iphoneos iphonesimulator";
				SUPPORTS_MACCATALYST = NO;
				SUPPORTS_MAC_DESIGNED_FOR_IPHONE_IPAD = YES;
				SUPPORTS_XR_DESIGNED_FOR_IPHONE_IPAD = YES;
				SWIFT_EMIT_LOC_STRINGS = YES;
				SWIFT_VERSION = 5.0;
				TARGETED_DEVICE_FAMILY = "1,2";
			};
			name = Debug;
		};
		A3CD692A2DBF745F00AB946D /* Release */ = {
			isa = XCBuildConfiguration;
			buildSettings = {
				ASSETCATALOG_COMPILER_APPICON_NAME = Blue;
				ASSETCATALOG_COMPILER_GLOBAL_ACCENT_COLOR_NAME = AccentColor;
				ASSETCATALOG_COMPILER_INCLUDE_ALL_APPICON_ASSETS = YES;
				CODE_SIGN_ENTITLEMENTS = "iOS/Morsel iOS.entitlements";
				CODE_SIGN_STYLE = Automatic;
				CURRENT_PROJECT_VERSION = 1;
				DEBUG_INFORMATION_FORMAT = "dwarf-with-dsym";
				DEVELOPMENT_TEAM = 82DGSFCWSX;
				ENABLE_PREVIEWS = YES;
				ENABLE_USER_SCRIPT_SANDBOXING = NO;
				GENERATE_INFOPLIST_FILE = YES;
				INFOPLIST_FILE = iOS/Info.plist;
				INFOPLIST_KEY_CFBundleDisplayName = Morsel;
				INFOPLIST_KEY_UIApplicationSceneManifest_Generation = YES;
				INFOPLIST_KEY_UIApplicationSupportsIndirectInputEvents = YES;
				INFOPLIST_KEY_UILaunchScreen_Generation = YES;
				INFOPLIST_KEY_UISupportedInterfaceOrientations_iPad = "UIInterfaceOrientationPortrait UIInterfaceOrientationPortraitUpsideDown UIInterfaceOrientationLandscapeLeft UIInterfaceOrientationLandscapeRight";
				INFOPLIST_KEY_UISupportedInterfaceOrientations_iPhone = "UIInterfaceOrientationPortrait UIInterfaceOrientationLandscapeLeft UIInterfaceOrientationLandscapeRight";
				IPHONEOS_DEPLOYMENT_TARGET = 18;
				LD_RUNPATH_SEARCH_PATHS = (
					"$(inherited)",
					"@executable_path/Frameworks",
				);
				MARKETING_VERSION = 1.0;
				PRODUCT_BUNDLE_IDENTIFIER = com.lukecharman.morsels;
				PRODUCT_NAME = "$(TARGET_NAME)";
				SUPPORTED_PLATFORMS = "iphoneos iphonesimulator";
				SUPPORTS_MACCATALYST = NO;
				SUPPORTS_MAC_DESIGNED_FOR_IPHONE_IPAD = YES;
				SUPPORTS_XR_DESIGNED_FOR_IPHONE_IPAD = YES;
				SWIFT_EMIT_LOC_STRINGS = YES;
				SWIFT_VERSION = 5.0;
				TARGETED_DEVICE_FAMILY = "1,2";
			};
			name = Release;
		};
		A3CD692B2DBF745F00AB946D /* Debug */ = {
			isa = XCBuildConfiguration;
			buildSettings = {
				ALWAYS_SEARCH_USER_PATHS = NO;
				ASSETCATALOG_COMPILER_GENERATE_SWIFT_ASSET_SYMBOL_EXTENSIONS = YES;
				CLANG_ANALYZER_NONNULL = YES;
				CLANG_ANALYZER_NUMBER_OBJECT_CONVERSION = YES_AGGRESSIVE;
				CLANG_CXX_LANGUAGE_STANDARD = "gnu++20";
				CLANG_ENABLE_MODULES = YES;
				CLANG_ENABLE_OBJC_ARC = YES;
				CLANG_ENABLE_OBJC_WEAK = YES;
				CLANG_WARN_BLOCK_CAPTURE_AUTORELEASING = YES;
				CLANG_WARN_BOOL_CONVERSION = YES;
				CLANG_WARN_COMMA = YES;
				CLANG_WARN_CONSTANT_CONVERSION = YES;
				CLANG_WARN_DEPRECATED_OBJC_IMPLEMENTATIONS = YES;
				CLANG_WARN_DIRECT_OBJC_ISA_USAGE = YES_ERROR;
				CLANG_WARN_DOCUMENTATION_COMMENTS = YES;
				CLANG_WARN_EMPTY_BODY = YES;
				CLANG_WARN_ENUM_CONVERSION = YES;
				CLANG_WARN_INFINITE_RECURSION = YES;
				CLANG_WARN_INT_CONVERSION = YES;
				CLANG_WARN_NON_LITERAL_NULL_CONVERSION = YES;
				CLANG_WARN_OBJC_IMPLICIT_RETAIN_SELF = YES;
				CLANG_WARN_OBJC_LITERAL_CONVERSION = YES;
				CLANG_WARN_OBJC_ROOT_CLASS = YES_ERROR;
				CLANG_WARN_QUOTED_INCLUDE_IN_FRAMEWORK_HEADER = YES;
				CLANG_WARN_RANGE_LOOP_ANALYSIS = YES;
				CLANG_WARN_STRICT_PROTOTYPES = YES;
				CLANG_WARN_SUSPICIOUS_MOVE = YES;
				CLANG_WARN_UNGUARDED_AVAILABILITY = YES_AGGRESSIVE;
				CLANG_WARN_UNREACHABLE_CODE = YES;
				CLANG_WARN__DUPLICATE_METHOD_MATCH = YES;
				COPY_PHASE_STRIP = NO;
				DEBUG_INFORMATION_FORMAT = dwarf;
				DEVELOPMENT_TEAM = 82DGSFCWSX;
				ENABLE_STRICT_OBJC_MSGSEND = YES;
				ENABLE_TESTABILITY = YES;
				ENABLE_USER_SCRIPT_SANDBOXING = YES;
				GCC_C_LANGUAGE_STANDARD = gnu17;
				GCC_DYNAMIC_NO_PIC = NO;
				GCC_NO_COMMON_BLOCKS = YES;
				GCC_OPTIMIZATION_LEVEL = 0;
				GCC_PREPROCESSOR_DEFINITIONS = (
					"DEBUG=1",
					"$(inherited)",
				);
				GCC_WARN_64_TO_32_BIT_CONVERSION = YES;
				GCC_WARN_ABOUT_RETURN_TYPE = YES_ERROR;
				GCC_WARN_UNDECLARED_SELECTOR = YES;
				GCC_WARN_UNINITIALIZED_AUTOS = YES_AGGRESSIVE;
				GCC_WARN_UNUSED_FUNCTION = YES;
				GCC_WARN_UNUSED_VARIABLE = YES;
				IPHONEOS_DEPLOYMENT_TARGET = 18.4;
				LOCALIZATION_PREFERS_STRING_CATALOGS = YES;
				MTL_ENABLE_DEBUG_INFO = INCLUDE_SOURCE;
				MTL_FAST_MATH = YES;
				ONLY_ACTIVE_ARCH = YES;
				SDKROOT = iphoneos;
				SWIFT_ACTIVE_COMPILATION_CONDITIONS = "DEBUG $(inherited)";
				SWIFT_EMIT_LOC_STRINGS = YES;
				SWIFT_OPTIMIZATION_LEVEL = "-Onone";
				SWIFT_VERSION = 6.0;
			};
			name = Debug;
		};
		A3CD692C2DBF745F00AB946D /* Release */ = {
			isa = XCBuildConfiguration;
			buildSettings = {
				ALWAYS_SEARCH_USER_PATHS = NO;
				ASSETCATALOG_COMPILER_GENERATE_SWIFT_ASSET_SYMBOL_EXTENSIONS = YES;
				CLANG_ANALYZER_NONNULL = YES;
				CLANG_ANALYZER_NUMBER_OBJECT_CONVERSION = YES_AGGRESSIVE;
				CLANG_CXX_LANGUAGE_STANDARD = "gnu++20";
				CLANG_ENABLE_MODULES = YES;
				CLANG_ENABLE_OBJC_ARC = YES;
				CLANG_ENABLE_OBJC_WEAK = YES;
				CLANG_WARN_BLOCK_CAPTURE_AUTORELEASING = YES;
				CLANG_WARN_BOOL_CONVERSION = YES;
				CLANG_WARN_COMMA = YES;
				CLANG_WARN_CONSTANT_CONVERSION = YES;
				CLANG_WARN_DEPRECATED_OBJC_IMPLEMENTATIONS = YES;
				CLANG_WARN_DIRECT_OBJC_ISA_USAGE = YES_ERROR;
				CLANG_WARN_DOCUMENTATION_COMMENTS = YES;
				CLANG_WARN_EMPTY_BODY = YES;
				CLANG_WARN_ENUM_CONVERSION = YES;
				CLANG_WARN_INFINITE_RECURSION = YES;
				CLANG_WARN_INT_CONVERSION = YES;
				CLANG_WARN_NON_LITERAL_NULL_CONVERSION = YES;
				CLANG_WARN_OBJC_IMPLICIT_RETAIN_SELF = YES;
				CLANG_WARN_OBJC_LITERAL_CONVERSION = YES;
				CLANG_WARN_OBJC_ROOT_CLASS = YES_ERROR;
				CLANG_WARN_QUOTED_INCLUDE_IN_FRAMEWORK_HEADER = YES;
				CLANG_WARN_RANGE_LOOP_ANALYSIS = YES;
				CLANG_WARN_STRICT_PROTOTYPES = YES;
				CLANG_WARN_SUSPICIOUS_MOVE = YES;
				CLANG_WARN_UNGUARDED_AVAILABILITY = YES_AGGRESSIVE;
				CLANG_WARN_UNREACHABLE_CODE = YES;
				CLANG_WARN__DUPLICATE_METHOD_MATCH = YES;
				COPY_PHASE_STRIP = NO;
				DEBUG_INFORMATION_FORMAT = "dwarf-with-dsym";
				DEVELOPMENT_TEAM = 82DGSFCWSX;
				ENABLE_NS_ASSERTIONS = NO;
				ENABLE_STRICT_OBJC_MSGSEND = YES;
				ENABLE_USER_SCRIPT_SANDBOXING = YES;
				GCC_C_LANGUAGE_STANDARD = gnu17;
				GCC_NO_COMMON_BLOCKS = YES;
				GCC_WARN_64_TO_32_BIT_CONVERSION = YES;
				GCC_WARN_ABOUT_RETURN_TYPE = YES_ERROR;
				GCC_WARN_UNDECLARED_SELECTOR = YES;
				GCC_WARN_UNINITIALIZED_AUTOS = YES_AGGRESSIVE;
				GCC_WARN_UNUSED_FUNCTION = YES;
				GCC_WARN_UNUSED_VARIABLE = YES;
				IPHONEOS_DEPLOYMENT_TARGET = 18.4;
				LOCALIZATION_PREFERS_STRING_CATALOGS = YES;
				MTL_ENABLE_DEBUG_INFO = NO;
				MTL_FAST_MATH = YES;
				SDKROOT = iphoneos;
				SWIFT_COMPILATION_MODE = wholemodule;
				SWIFT_EMIT_LOC_STRINGS = YES;
				SWIFT_VERSION = 6.0;
				VALIDATE_PRODUCT = YES;
			};
			name = Release;
		};
		A3CD69622DBF752D00AB946D /* Debug */ = {
			isa = XCBuildConfiguration;
			buildSettings = {
				ASSETCATALOG_COMPILER_GLOBAL_ACCENT_COLOR_NAME = AccentColor;
				ASSETCATALOG_COMPILER_WIDGET_BACKGROUND_COLOR_NAME = WidgetBackground;
				CODE_SIGN_ENTITLEMENTS = "iOS/Widgets/Morsel iOS Widgets.entitlements";
				CODE_SIGN_STYLE = Automatic;
				CURRENT_PROJECT_VERSION = 1;
				DEVELOPMENT_TEAM = 82DGSFCWSX;
				GENERATE_INFOPLIST_FILE = YES;
				INFOPLIST_FILE = iOS/Widgets/Info.plist;
				INFOPLIST_KEY_CFBundleDisplayName = Morsel;
				INFOPLIST_KEY_NSHumanReadableCopyright = "";
				IPHONEOS_DEPLOYMENT_TARGET = 18;
				LD_RUNPATH_SEARCH_PATHS = (
					"$(inherited)",
					"@executable_path/Frameworks",
					"@executable_path/../../Frameworks",
				);
				MARKETING_VERSION = 1.0;
				PRODUCT_BUNDLE_IDENTIFIER = com.lukecharman.morsels.widgets;
				PRODUCT_NAME = "$(TARGET_NAME)";
				SKIP_INSTALL = YES;
				SWIFT_EMIT_LOC_STRINGS = YES;
				SWIFT_VERSION = 5.0;
				TARGETED_DEVICE_FAMILY = "1,2";
			};
			name = Debug;
		};
		A3CD69632DBF752D00AB946D /* Release */ = {
			isa = XCBuildConfiguration;
			buildSettings = {
				ASSETCATALOG_COMPILER_GLOBAL_ACCENT_COLOR_NAME = AccentColor;
				ASSETCATALOG_COMPILER_WIDGET_BACKGROUND_COLOR_NAME = WidgetBackground;
				CODE_SIGN_ENTITLEMENTS = "iOS/Widgets/Morsel iOS Widgets.entitlements";
				CODE_SIGN_STYLE = Automatic;
				CURRENT_PROJECT_VERSION = 1;
				DEVELOPMENT_TEAM = 82DGSFCWSX;
				GENERATE_INFOPLIST_FILE = YES;
				INFOPLIST_FILE = iOS/Widgets/Info.plist;
				INFOPLIST_KEY_CFBundleDisplayName = Morsel;
				INFOPLIST_KEY_NSHumanReadableCopyright = "";
				IPHONEOS_DEPLOYMENT_TARGET = 18;
				LD_RUNPATH_SEARCH_PATHS = (
					"$(inherited)",
					"@executable_path/Frameworks",
					"@executable_path/../../Frameworks",
				);
				MARKETING_VERSION = 1.0;
				PRODUCT_BUNDLE_IDENTIFIER = com.lukecharman.morsels.widgets;
				PRODUCT_NAME = "$(TARGET_NAME)";
				SKIP_INSTALL = YES;
				SWIFT_EMIT_LOC_STRINGS = YES;
				SWIFT_VERSION = 5.0;
				TARGETED_DEVICE_FAMILY = "1,2";
			};
			name = Release;
		};
/* End XCBuildConfiguration section */

/* Begin XCConfigurationList section */
		A329C32A2E3F57FC001D158E /* Build configuration list for PBXNativeTarget "iOSTests" */ = {
			isa = XCConfigurationList;
			buildConfigurations = (
				A329C32B2E3F57FC001D158E /* Debug */,
				A329C32C2E3F57FC001D158E /* Release */,
			);
			defaultConfigurationIsVisible = 0;
			defaultConfigurationName = Release;
		};
		A329C3372E3F5820001D158E /* Build configuration list for PBXNativeTarget "watchOSTests" */ = {
			isa = XCConfigurationList;
			buildConfigurations = (
				A329C3382E3F5820001D158E /* Debug */,
				A329C3392E3F5820001D158E /* Release */,
			);
			defaultConfigurationIsVisible = 0;
			defaultConfigurationName = Release;
		};
		A329C3462E3F586A001D158E /* Build configuration list for PBXNativeTarget "iOSUITests" */ = {
			isa = XCConfigurationList;
			buildConfigurations = (
				A329C3472E3F586A001D158E /* Debug */,
				A329C3482E3F586A001D158E /* Release */,
			);
			defaultConfigurationIsVisible = 0;
			defaultConfigurationName = Release;
		};
		A329C3552E3F587E001D158E /* Build configuration list for PBXNativeTarget "watchOSUITests" */ = {
			isa = XCConfigurationList;
			buildConfigurations = (
				A329C3562E3F587E001D158E /* Debug */,
				A329C3572E3F587E001D158E /* Release */,
			);
			defaultConfigurationIsVisible = 0;
			defaultConfigurationName = Release;
		};
		A35D3CFE2DBFB0B300C4C166 /* Build configuration list for PBXNativeTarget "Morsel (watchOS)" */ = {
			isa = XCConfigurationList;
			buildConfigurations = (
				A35D3CF82DBFB0B300C4C166 /* Debug */,
				A35D3CF92DBFB0B300C4C166 /* Release */,
			);
			defaultConfigurationIsVisible = 0;
			defaultConfigurationName = Release;
		};
		A3AE56A82DC2731A00608E0D /* Build configuration list for PBXNativeTarget "Widgets (watchOS)" */ = {
			isa = XCConfigurationList;
			buildConfigurations = (
				A3AE56A92DC2731A00608E0D /* Debug */,
				A3AE56AA2DC2731A00608E0D /* Release */,
			);
			defaultConfigurationIsVisible = 0;
			defaultConfigurationName = Release;
		};
		A3CD68FF2DBF745E00AB946D /* Build configuration list for PBXProject "Morsel" */ = {
			isa = XCConfigurationList;
			buildConfigurations = (
				A3CD692B2DBF745F00AB946D /* Debug */,
				A3CD692C2DBF745F00AB946D /* Release */,
			);
			defaultConfigurationIsVisible = 0;
			defaultConfigurationName = Release;
		};
		A3CD69282DBF745F00AB946D /* Build configuration list for PBXNativeTarget "Morsel (iOS)" */ = {
			isa = XCConfigurationList;
			buildConfigurations = (
				A3CD69292DBF745F00AB946D /* Debug */,
				A3CD692A2DBF745F00AB946D /* Release */,
			);
			defaultConfigurationIsVisible = 0;
			defaultConfigurationName = Release;
		};
		A3CD69612DBF752D00AB946D /* Build configuration list for PBXNativeTarget "Widgets (iOS)" */ = {
			isa = XCConfigurationList;
			buildConfigurations = (
				A3CD69622DBF752D00AB946D /* Debug */,
				A3CD69632DBF752D00AB946D /* Release */,
			);
			defaultConfigurationIsVisible = 0;
			defaultConfigurationName = Release;
		};
/* End XCConfigurationList section */

/* Begin XCRemoteSwiftPackageReference section */
		3AC676223C5A44F9A7D439F4 /* XCRemoteSwiftPackageReference "sentry-cocoa" */ = {
			isa = XCRemoteSwiftPackageReference;
			repositoryURL = "https://github.com/getsentry/sentry-cocoa/";
			requirement = {
				kind = upToNextMajorVersion;
				minimumVersion = 8.0.0;
			};
		};
		A36479422DCC948200A2F723 /* XCRemoteSwiftPackageReference "SwiftSDK" */ = {
			isa = XCRemoteSwiftPackageReference;
			repositoryURL = "https://github.com/TelemetryDeck/SwiftSDK";
			requirement = {
				kind = upToNextMajorVersion;
				minimumVersion = 2.9.4;
			};
		};
/* End XCRemoteSwiftPackageReference section */

/* Begin XCSwiftPackageProductDependency section */
		A35012D92DEDA30600ACBA75 /* TelemetryDeck */ = {
			isa = XCSwiftPackageProductDependency;
			package = A36479422DCC948200A2F723 /* XCRemoteSwiftPackageReference "SwiftSDK" */;
			productName = TelemetryDeck;
		};
		A35012DB2DEDA31200ACBA75 /* TelemetryDeck */ = {
			isa = XCSwiftPackageProductDependency;
			package = A36479422DCC948200A2F723 /* XCRemoteSwiftPackageReference "SwiftSDK" */;
			productName = TelemetryDeck;
		};
		A35012DD2DEDA31700ACBA75 /* Sentry */ = {
			isa = XCSwiftPackageProductDependency;
			package = 3AC676223C5A44F9A7D439F4 /* XCRemoteSwiftPackageReference "sentry-cocoa" */;
			productName = Sentry;
		};
		A35012DF2DEDA31D00ACBA75 /* Sentry */ = {
			isa = XCSwiftPackageProductDependency;
			package = 3AC676223C5A44F9A7D439F4 /* XCRemoteSwiftPackageReference "sentry-cocoa" */;
			productName = Sentry;
		};
		A35984FB2E40CB1A007679F3 /* CoreMorsel */ = {
			isa = XCSwiftPackageProductDependency;
			productName = CoreMorsel;
		};
		A35984FD2E40CB1F007679F3 /* CoreMorsel */ = {
			isa = XCSwiftPackageProductDependency;
			productName = CoreMorsel;
		};
		A35984FF2E40CB23007679F3 /* CoreMorsel */ = {
			isa = XCSwiftPackageProductDependency;
			productName = CoreMorsel;
		};
		A35985012E40CB27007679F3 /* CoreMorsel */ = {
			isa = XCSwiftPackageProductDependency;
			productName = CoreMorsel;
		};
		A36479432DCC948200A2F723 /* TelemetryDeck */ = {
			isa = XCSwiftPackageProductDependency;
			package = A36479422DCC948200A2F723 /* XCRemoteSwiftPackageReference "SwiftSDK" */;
			productName = TelemetryDeck;
		};
		A3647A8A2DCE2BA100A2F723 /* TelemetryDeck */ = {
			isa = XCSwiftPackageProductDependency;
			package = A36479422DCC948200A2F723 /* XCRemoteSwiftPackageReference "SwiftSDK" */;
			productName = TelemetryDeck;
		};
		FAC31114A76142BEAB120BFC /* Sentry */ = {
			isa = XCSwiftPackageProductDependency;
			package = 3AC676223C5A44F9A7D439F4 /* XCRemoteSwiftPackageReference "sentry-cocoa" */;
			productName = Sentry;
		};
/* End XCSwiftPackageProductDependency section */
	};
	rootObject = A3CD68FC2DBF745E00AB946D /* Project object */;
}
