{
  "originHash" : "75d014f65211eafaed85e1a1f842625908f6be7d0009dfd00b229549bc712576",
  "pins" : [
    {
      "identity" : "sentry-cocoa",
      "kind" : "remoteSourceControl",
      "location" : "https://github.com/getsentry/sentry-cocoa.git",
      "state" : {
        "revision" : "65b3d2a7608685e8d4a37c68fa2c64f28d0b537e",
        "version" : "8.51.1"
      }
    },
    {
      "identity" : "swiftsdk",
      "kind" : "remoteSourceControl",
      "location" : "https://github.com/TelemetryDeck/SwiftSDK",
      "state" : {
        "revision" : "a7fd1eb469589a3c8fd8cc3abe19b092b5d674dc",
        "version" : "2.9.4"
      }
    }
  ],
  "version" : 3
}
