{
  "originHash" : "10cd9f9e7210d920b13ad602ab35a8b4c58e7f3b524d83bb2440b862b6b619fe",
  "pins" : [
    {
      "identity" : "sentry-cocoa",
      "kind" : "remoteSourceControl",
      "location" : "https://github.com/getsentry/sentry-cocoa.git",
      "state" : {
        "revision" : "65b3d2a7608685e8d4a37c68fa2c64f28d0b537e",
        "version" : "8.51.1"
      }
    },
    {
      "identity" : "swiftglass",
      "kind" : "remoteSourceControl",
      "location" : "https://github.com/1998code/SwiftGlass",
      "state" : {
        "revision" : "a012c615c36a3992fb2c9358206de2a2bd253454",
        "version" : "1.9.9"
      }
    },
    {
      "identity" : "swiftsdk",
      "kind" : "remoteSourceControl",
      "location" : "https://github.com/TelemetryDeck/SwiftSDK",
      "state" : {
        "revision" : "a7fd1eb469589a3c8fd8cc3abe19b092b5d674dc",
        "version" : "2.9.4"
      }
    }
  ],
  "version" : 3
}
