{
  "originHash" : "002f7d20eb923223a736808ed81f1048535c2229a2cb4dd9b9a503ec90b14c36",
  "pins" : [
    {
      "identity" : "sentry-cocoa",
      "kind" : "remoteSourceControl",
      "location" : "https://github.com/getsentry/sentry-cocoa.git",
      "state" : {
        "revision" : "2c70925b98238b7efacde11d30075328c3cb6a2a",
        "version" : "8.55.1"
      }
    },
    {
      "identity" : "swiftsdk",
      "kind" : "remoteSourceControl",
      "location" : "https://github.com/TelemetryDeck/SwiftSDK",
      "state" : {
        "revision" : "a7fd1eb469589a3c8fd8cc3abe19b092b5d674dc",
        "version" : "2.9.4"
      }
    }
  ],
  "version" : 3
}
